// !$*UTF8*$!
{
	archiveVersion = 1;
	classes = {
	};
	objectVersion = 56;
	objects = {

/* Begin PBXBuildFile section */
		5316F76B2B6CE0230038A7BB /* HelperApp.swift in Sources */ = {isa = PBXBuildFile; fileRef = 5316F76A2B6CE0230038A7BB /* HelperApp.swift */; };
		5316F76D2B6CE0230038A7BB /* ContentView.swift in Sources */ = {isa = PBXBuildFile; fileRef = 5316F76C2B6CE0230038A7BB /* ContentView.swift */; };
		5316F76F2B6CE0240038A7BB /* Assets.xcassets in Resources */ = {isa = PBXBuildFile; fileRef = 5316F76E2B6CE0240038A7BB /* Assets.xcassets */; };
		5316F7732B6CE0240038A7BB /* Preview Assets.xcassets in Resources */ = {isa = PBXBuildFile; fileRef = 5316F7722B6CE0240038A7BB /* Preview Assets.xcassets */; };
		5316F77D2B6CE0250038A7BB /* HelperTests.swift in Sources */ = {isa = PBXBuildFile; fileRef = 5316F77C2B6CE0250038A7BB /* HelperTests.swift */; };
		5316F7872B6CE0250038A7BB /* HelperUITests.swift in Sources */ = {isa = PBXBuildFile; fileRef = 5316F7862B6CE0250038A7BB /* HelperUITests.swift */; };
		5316F7892B6CE0250038A7BB /* HelperUITestsLaunchTests.swift in Sources */ = {isa = PBXBuildFile; fileRef = 5316F7882B6CE0250038A7BB /* HelperUITestsLaunchTests.swift */; };
		5316F7962B6CE03C0038A7BB /* Extensions.swift in Sources */ = {isa = PBXBuildFile; fileRef = 5316F7952B6CE03C0038A7BB /* Extensions.swift */; };
/* End PBXBuildFile section */

/* Begin PBXContainerItemProxy section */
		5316F7792B6CE0250038A7BB /* PBXContainerItemProxy */ = {
			isa = PBXContainerItemProxy;
			containerPortal = 5316F75F2B6CE0230038A7BB /* Project object */;
			proxyType = 1;
			remoteGlobalIDString = 5316F7662B6CE0230038A7BB;
			remoteInfo = Helper;
		};
		5316F7832B6CE0250038A7BB /* PBXContainerItemProxy */ = {
			isa = PBXContainerItemProxy;
			containerPortal = 5316F75F2B6CE0230038A7BB /* Project object */;
			proxyType = 1;
			remoteGlobalIDString = 5316F7662B6CE0230038A7BB;
			remoteInfo = Helper;
		};
/* End PBXContainerItemProxy section */

/* Begin PBXFileReference section */
		5316F7672B6CE0230038A7BB /* Helper.app */ = {isa = PBXFileReference; explicitFileType = wrapper.application; includeInIndex = 0; path = Helper.app; sourceTree = BUILT_PRODUCTS_DIR; };
		5316F76A2B6CE0230038A7BB /* HelperApp.swift */ = {isa = PBXFileReference; lastKnownFileType = sourcecode.swift; path = HelperApp.swift; sourceTree = "<group>"; };
		5316F76C2B6CE0230038A7BB /* ContentView.swift */ = {isa = PBXFileReference; lastKnownFileType = sourcecode.swift; path = ContentView.swift; sourceTree = "<group>"; };
		5316F76E2B6CE0240038A7BB /* Assets.xcassets */ = {isa = PBXFileReference; lastKnownFileType = folder.assetcatalog; path = Assets.xcassets; sourceTree = "<group>"; };
		5316F7702B6CE0240038A7BB /* Helper.entitlements */ = {isa = PBXFileReference; lastKnownFileType = text.plist.entitlements; path = Helper.entitlements; sourceTree = "<group>"; };
		5316F7722B6CE0240038A7BB /* Preview Assets.xcassets */ = {isa = PBXFileReference; lastKnownFileType = folder.assetcatalog; path = "Preview Assets.xcassets"; sourceTree = "<group>"; };
		5316F7782B6CE0250038A7BB /* HelperTests.xctest */ = {isa = PBXFileReference; explicitFileType = wrapper.cfbundle; includeInIndex = 0; path = HelperTests.xctest; sourceTree = BUILT_PRODUCTS_DIR; };
		5316F77C2B6CE0250038A7BB /* HelperTests.swift */ = {isa = PBXFileReference; lastKnownFileType = sourcecode.swift; path = HelperTests.swift; sourceTree = "<group>"; };
		5316F7822B6CE0250038A7BB /* HelperUITests.xctest */ = {isa = PBXFileReference; explicitFileType = wrapper.cfbundle; includeInIndex = 0; path = HelperUITests.xctest; sourceTree = BUILT_PRODUCTS_DIR; };
		5316F7862B6CE0250038A7BB /* HelperUITests.swift */ = {isa = PBXFileReference; lastKnownFileType = sourcecode.swift; path = HelperUITests.swift; sourceTree = "<group>"; };
		5316F7882B6CE0250038A7BB /* HelperUITestsLaunchTests.swift */ = {isa = PBXFileReference; lastKnownFileType = sourcecode.swift; path = HelperUITestsLaunchTests.swift; sourceTree = "<group>"; };
		5316F7952B6CE03C0038A7BB /* Extensions.swift */ = {isa = PBXFileReference; lastKnownFileType = sourcecode.swift; path = Extensions.swift; sourceTree = "<group>"; };
/* End PBXFileReference section */

/* Begin PBXFrameworksBuildPhase section */
		5316F7642B6CE0230038A7BB /* Frameworks */ = {
			isa = PBXFrameworksBuildPhase;
			buildActionMask = 2147483647;
			files = (
			);
			runOnlyForDeploymentPostprocessing = 0;
		};
		5316F7752B6CE0250038A7BB /* Frameworks */ = {
			isa = PBXFrameworksBuildPhase;
			buildActionMask = 2147483647;
			files = (
			);
			runOnlyForDeploymentPostprocessing = 0;
		};
		5316F77F2B6CE0250038A7BB /* Frameworks */ = {
			isa = PBXFrameworksBuildPhase;
			buildActionMask = 2147483647;
			files = (
			);
			runOnlyForDeploymentPostprocessing = 0;
		};
/* End PBXFrameworksBuildPhase section */

/* Begin PBXGroup section */
		5316F75E2B6CE0230038A7BB = {
			isa = PBXGroup;
			children = (
				5316F7692B6CE0230038A7BB /* Helper */,
				5316F77B2B6CE0250038A7BB /* HelperTests */,
				5316F7852B6CE0250038A7BB /* HelperUITests */,
				5316F7682B6CE0230038A7BB /* Products */,
			);
			sourceTree = "<group>";
		};
		5316F7682B6CE0230038A7BB /* Products */ = {
			isa = PBXGroup;
			children = (
				5316F7672B6CE0230038A7BB /* Helper.app */,
				5316F7782B6CE0250038A7BB /* HelperTests.xctest */,
				5316F7822B6CE0250038A7BB /* HelperUITests.xctest */,
			);
			name = Products;
			sourceTree = "<group>";
		};
		5316F7692B6CE0230038A7BB /* Helper */ = {
			isa = PBXGroup;
			children = (
				5316F76A2B6CE0230038A7BB /* HelperApp.swift */,
				5316F76C2B6CE0230038A7BB /* ContentView.swift */,
				5316F76E2B6CE0240038A7BB /* Assets.xcassets */,
				5316F7702B6CE0240038A7BB /* Helper.entitlements */,
				5316F7712B6CE0240038A7BB /* Preview Content */,
				5316F7952B6CE03C0038A7BB /* Extensions.swift */,
			);
			path = Helper;
			sourceTree = "<group>";
		};
		5316F7712B6CE0240038A7BB /* Preview Content */ = {
			isa = PBXGroup;
			children = (
				5316F7722B6CE0240038A7BB /* Preview Assets.xcassets */,
			);
			path = "Preview Content";
			sourceTree = "<group>";
		};
		5316F77B2B6CE0250038A7BB /* HelperTests */ = {
			isa = PBXGroup;
			children = (
				5316F77C2B6CE0250038A7BB /* HelperTests.swift */,
			);
			path = HelperTests;
			sourceTree = "<group>";
		};
		5316F7852B6CE0250038A7BB /* HelperUITests */ = {
			isa = PBXGroup;
			children = (
				5316F7862B6CE0250038A7BB /* HelperUITests.swift */,
				5316F7882B6CE0250038A7BB /* HelperUITestsLaunchTests.swift */,
			);
			path = HelperUITests;
			sourceTree = "<group>";
		};
/* End PBXGroup section */

/* Begin PBXNativeTarget section */
		5316F7662B6CE0230038A7BB /* Helper */ = {
			isa = PBXNativeTarget;
			buildConfigurationList = 5316F78C2B6CE0250038A7BB /* Build configuration list for PBXNativeTarget "Helper" */;
			buildPhases = (
				5316F7632B6CE0230038A7BB /* Sources */,
				5316F7642B6CE0230038A7BB /* Frameworks */,
				5316F7652B6CE0230038A7BB /* Resources */,
			);
			buildRules = (
			);
			dependencies = (
			);
			name = Helper;
			productName = Helper;
			productReference = 5316F7672B6CE0230038A7BB /* Helper.app */;
			productType = "com.apple.product-type.application";
		};
		5316F7772B6CE0250038A7BB /* HelperTests */ = {
			isa = PBXNativeTarget;
			buildConfigurationList = 5316F78F2B6CE0250038A7BB /* Build configuration list for PBXNativeTarget "HelperTests" */;
			buildPhases = (
				5316F7742B6CE0250038A7BB /* Sources */,
				5316F7752B6CE0250038A7BB /* Frameworks */,
				5316F7762B6CE0250038A7BB /* Resources */,
			);
			buildRules = (
			);
			dependencies = (
				5316F77A2B6CE0250038A7BB /* PBXTargetDependency */,
			);
			name = HelperTests;
			productName = HelperTests;
			productReference = 5316F7782B6CE0250038A7BB /* HelperTests.xctest */;
			productType = "com.apple.product-type.bundle.unit-test";
		};
		5316F7812B6CE0250038A7BB /* HelperUITests */ = {
			isa = PBXNativeTarget;
			buildConfigurationList = 5316F7922B6CE0250038A7BB /* Build configuration list for PBXNativeTarget "HelperUITests" */;
			buildPhases = (
				5316F77E2B6CE0250038A7BB /* Sources */,
				5316F77F2B6CE0250038A7BB /* Frameworks */,
				5316F7802B6CE0250038A7BB /* Resources */,
			);
			buildRules = (
			);
			dependencies = (
				5316F7842B6CE0250038A7BB /* PBXTargetDependency */,
			);
			name = HelperUITests;
			productName = HelperUITests;
			productReference = 5316F7822B6CE0250038A7BB /* HelperUITests.xctest */;
			productType = "com.apple.product-type.bundle.ui-testing";
		};
/* End PBXNativeTarget section */

/* Begin PBXProject section */
		5316F75F2B6CE0230038A7BB /* Project object */ = {
			isa = PBXProject;
			attributes = {
				BuildIndependentTargetsInParallel = 1;
				LastSwiftUpdateCheck = 1520;
				LastUpgradeCheck = 1520;
				TargetAttributes = {
					5316F7662B6CE0230038A7BB = {
						CreatedOnToolsVersion = 15.2;
					};
					5316F7772B6CE0250038A7BB = {
						CreatedOnToolsVersion = 15.2;
						TestTargetID = 5316F7662B6CE0230038A7BB;
					};
					5316F7812B6CE0250038A7BB = {
						CreatedOnToolsVersion = 15.2;
						TestTargetID = 5316F7662B6CE0230038A7BB;
					};
				};
			};
			buildConfigurationList = 5316F7622B6CE0230038A7BB /* Build configuration list for PBXProject "Helper" */;
			compatibilityVersion = "Xcode 14.0";
			developmentRegion = en;
			hasScannedForEncodings = 0;
			knownRegions = (
				en,
				Base,
			);
			mainGroup = 5316F75E2B6CE0230038A7BB;
			productRefGroup = 5316F7682B6CE0230038A7BB /* Products */;
			projectDirPath = "";
			projectRoot = "";
			targets = (
				5316F7662B6CE0230038A7BB /* Helper */,
				5316F7772B6CE0250038A7BB /* HelperTests */,
				5316F7812B6CE0250038A7BB /* HelperUITests */,
			);
		};
/* End PBXProject section */

/* Begin PBXResourcesBuildPhase section */
		5316F7652B6CE0230038A7BB /* Resources */ = {
			isa = PBXResourcesBuildPhase;
			buildActionMask = 2147483647;
			files = (
				5316F7732B6CE0240038A7BB /* Preview Assets.xcassets in Resources */,
				5316F76F2B6CE0240038A7BB /* Assets.xcassets in Resources */,
			);
			runOnlyForDeploymentPostprocessing = 0;
		};
		5316F7762B6CE0250038A7BB /* Resources */ = {
			isa = PBXResourcesBuildPhase;
			buildActionMask = 2147483647;
			files = (
			);
			runOnlyForDeploymentPostprocessing = 0;
		};
		5316F7802B6CE0250038A7BB /* Resources */ = {
			isa = PBXResourcesBuildPhase;
			buildActionMask = 2147483647;
			files = (
			);
			runOnlyForDeploymentPostprocessing = 0;
		};
/* End PBXResourcesBuildPhase section */

/* Begin PBXSourcesBuildPhase section */
		5316F7632B6CE0230038A7BB /* Sources */ = {
			isa = PBXSourcesBuildPhase;
			buildActionMask = 2147483647;
			files = (
				5316F76D2B6CE0230038A7BB /* ContentView.swift in Sources */,
				5316F7962B6CE03C0038A7BB /* Extensions.swift in Sources */,
				5316F76B2B6CE0230038A7BB /* HelperApp.swift in Sources */,
			);
			runOnlyForDeploymentPostprocessing = 0;
		};
		5316F7742B6CE0250038A7BB /* Sources */ = {
			isa = PBXSourcesBuildPhase;
			buildActionMask = 2147483647;
			files = (
				5316F77D2B6CE0250038A7BB /* HelperTests.swift in Sources */,
			);
			runOnlyForDeploymentPostprocessing = 0;
		};
		5316F77E2B6CE0250038A7BB /* Sources */ = {
			isa = PBXSourcesBuildPhase;
			buildActionMask = 2147483647;
			files = (
				5316F7892B6CE0250038A7BB /* HelperUITestsLaunchTests.swift in Sources */,
				5316F7872B6CE0250038A7BB /* HelperUITests.swift in Sources */,
			);
			runOnlyForDeploymentPostprocessing = 0;
		};
/* End PBXSourcesBuildPhase section */

/* Begin PBXTargetDependency section */
		5316F77A2B6CE0250038A7BB /* PBXTargetDependency */ = {
			isa = PBXTargetDependency;
			target = 5316F7662B6CE0230038A7BB /* Helper */;
			targetProxy = 5316F7792B6CE0250038A7BB /* PBXContainerItemProxy */;
		};
		5316F7842B6CE0250038A7BB /* PBXTargetDependency */ = {
			isa = PBXTargetDependency;
			target = 5316F7662B6CE0230038A7BB /* Helper */;
			targetProxy = 5316F7832B6CE0250038A7BB /* PBXContainerItemProxy */;
		};
/* End PBXTargetDependency section */

/* Begin XCBuildConfiguration section */
		5316F78A2B6CE0250038A7BB /* Debug */ = {
			isa = XCBuildConfiguration;
			buildSettings = {
				ALWAYS_SEARCH_USER_PATHS = NO;
				ASSETCATALOG_COMPILER_GENERATE_SWIFT_ASSET_SYMBOL_EXTENSIONS = YES;
				CLANG_ANALYZER_NONNULL = YES;
				CLANG_ANALYZER_NUMBER_OBJECT_CONVERSION = YES_AGGRESSIVE;
				CLANG_CXX_LANGUAGE_STANDARD = "gnu++20";
				CLANG_ENABLE_MODULES = YES;
				CLANG_ENABLE_OBJC_ARC = YES;
				CLANG_ENABLE_OBJC_WEAK = YES;
				CLANG_WARN_BLOCK_CAPTURE_AUTORELEASING = YES;
				CLANG_WARN_BOOL_CONVERSION = YES;
				CLANG_WARN_COMMA = YES;
				CLANG_WARN_CONSTANT_CONVERSION = YES;
				CLANG_WARN_DEPRECATED_OBJC_IMPLEMENTATIONS = YES;
				CLANG_WARN_DIRECT_OBJC_ISA_USAGE = YES_ERROR;
				CLANG_WARN_DOCUMENTATION_COMMENTS = YES;
				CLANG_WARN_EMPTY_BODY = YES;
				CLANG_WARN_ENUM_CONVERSION = YES;
				CLANG_WARN_INFINITE_RECURSION = YES;
				CLANG_WARN_INT_CONVERSION = YES;
				CLANG_WARN_NON_LITERAL_NULL_CONVERSION = YES;
				CLANG_WARN_OBJC_IMPLICIT_RETAIN_SELF = YES;
				CLANG_WARN_OBJC_LITERAL_CONVERSION = YES;
				CLANG_WARN_OBJC_ROOT_CLASS = YES_ERROR;
				CLANG_WARN_QUOTED_INCLUDE_IN_FRAMEWORK_HEADER = YES;
				CLANG_WARN_RANGE_LOOP_ANALYSIS = YES;
				CLANG_WARN_STRICT_PROTOTYPES = YES;
				CLANG_WARN_SUSPICIOUS_MOVE = YES;
				CLANG_WARN_UNGUARDED_AVAILABILITY = YES_AGGRESSIVE;
				CLANG_WARN_UNREACHABLE_CODE = YES;
				CLANG_WARN__DUPLICATE_METHOD_MATCH = YES;
				COPY_PHASE_STRIP = NO;
				DEBUG_INFORMATION_FORMAT = dwarf;
				ENABLE_STRICT_OBJC_MSGSEND = YES;
				ENABLE_TESTABILITY = YES;
				ENABLE_USER_SCRIPT_SANDBOXING = YES;
				GCC_C_LANGUAGE_STANDARD = gnu17;
				GCC_DYNAMIC_NO_PIC = NO;
				GCC_NO_COMMON_BLOCKS = YES;
				GCC_OPTIMIZATION_LEVEL = 0;
				GCC_PREPROCESSOR_DEFINITIONS = (
					"DEBUG=1",
					"$(inherited)",
				);
				GCC_WARN_64_TO_32_BIT_CONVERSION = YES;
				GCC_WARN_ABOUT_RETURN_TYPE = YES_ERROR;
				GCC_WARN_UNDECLARED_SELECTOR = YES;
				GCC_WARN_UNINITIALIZED_AUTOS = YES_AGGRESSIVE;
				GCC_WARN_UNUSED_FUNCTION = YES;
				GCC_WARN_UNUSED_VARIABLE = YES;
				LOCALIZATION_PREFERS_STRING_CATALOGS = YES;
				MTL_ENABLE_DEBUG_INFO = INCLUDE_SOURCE;
				MTL_FAST_MATH = YES;
				ONLY_ACTIVE_ARCH = YES;
				SWIFT_ACTIVE_COMPILATION_CONDITIONS = "DEBUG $(inherited)";
				SWIFT_OPTIMIZATION_LEVEL = "-Onone";
			};
			name = Debug;
		};
		5316F78B2B6CE0250038A7BB /* Release */ = {
			isa = XCBuildConfiguration;
			buildSettings = {
				ALWAYS_SEARCH_USER_PATHS = NO;
				ASSETCATALOG_COMPILER_GENERATE_SWIFT_ASSET_SYMBOL_EXTENSIONS = YES;
				CLANG_ANALYZER_NONNULL = YES;
				CLANG_ANALYZER_NUMBER_OBJECT_CONVERSION = YES_AGGRESSIVE;
				CLANG_CXX_LANGUAGE_STANDARD = "gnu++20";
				CLANG_ENABLE_MODULES = YES;
				CLANG_ENABLE_OBJC_ARC = YES;
				CLANG_ENABLE_OBJC_WEAK = YES;
				CLANG_WARN_BLOCK_CAPTURE_AUTORELEASING = YES;
				CLANG_WARN_BOOL_CONVERSION = YES;
				CLANG_WARN_COMMA = YES;
				CLANG_WARN_CONSTANT_CONVERSION = YES;
				CLANG_WARN_DEPRECATED_OBJC_IMPLEMENTATIONS = YES;
				CLANG_WARN_DIRECT_OBJC_ISA_USAGE = YES_ERROR;
				CLANG_WARN_DOCUMENTATION_COMMENTS = YES;
				CLANG_WARN_EMPTY_BODY = YES;
				CLANG_WARN_ENUM_CONVERSION = YES;
				CLANG_WARN_INFINITE_RECURSION = YES;
				CLANG_WARN_INT_CONVERSION = YES;
				CLANG_WARN_NON_LITERAL_NULL_CONVERSION = YES;
				CLANG_WARN_OBJC_IMPLICIT_RETAIN_SELF = YES;
				CLANG_WARN_OBJC_LITERAL_CONVERSION = YES;
				CLANG_WARN_OBJC_ROOT_CLASS = YES_ERROR;
				CLANG_WARN_QUOTED_INCLUDE_IN_FRAMEWORK_HEADER = YES;
				CLANG_WARN_RANGE_LOOP_ANALYSIS = YES;
				CLANG_WARN_STRICT_PROTOTYPES = YES;
				CLANG_WARN_SUSPICIOUS_MOVE = YES;
				CLANG_WARN_UNGUARDED_AVAILABILITY = YES_AGGRESSIVE;
				CLANG_WARN_UNREACHABLE_CODE = YES;
				CLANG_WARN__DUPLICATE_METHOD_MATCH = YES;
				COPY_PHASE_STRIP = NO;
				DEBUG_INFORMATION_FORMAT = "dwarf-with-dsym";
				ENABLE_NS_ASSERTIONS = NO;
				ENABLE_STRICT_OBJC_MSGSEND = YES;
				ENABLE_USER_SCRIPT_SANDBOXING = YES;
				GCC_C_LANGUAGE_STANDARD = gnu17;
				GCC_NO_COMMON_BLOCKS = YES;
				GCC_WARN_64_TO_32_BIT_CONVERSION = YES;
				GCC_WARN_ABOUT_RETURN_TYPE = YES_ERROR;
				GCC_WARN_UNDECLARED_SELECTOR = YES;
				GCC_WARN_UNINITIALIZED_AUTOS = YES_AGGRESSIVE;
				GCC_WARN_UNUSED_FUNCTION = YES;
				GCC_WARN_UNUSED_VARIABLE = YES;
				LOCALIZATION_PREFERS_STRING_CATALOGS = YES;
				MTL_ENABLE_DEBUG_INFO = NO;
				MTL_FAST_MATH = YES;
				SWIFT_COMPILATION_MODE = wholemodule;
			};
			name = Release;
		};
		5316F78D2B6CE0250038A7BB /* Debug */ = {
			isa = XCBuildConfiguration;
			buildSettings = {
				ASSETCATALOG_COMPILER_APPICON_NAME = AppIcon;
				ASSETCATALOG_COMPILER_GLOBAL_ACCENT_COLOR_NAME = AccentColor;
				CODE_SIGN_ENTITLEMENTS = Helper/Helper.entitlements;
				CODE_SIGN_STYLE = Automatic;
				CURRENT_PROJECT_VERSION = 1;
				DEVELOPMENT_ASSET_PATHS = "\"Helper/Preview Content\"";
				DEVELOPMENT_TEAM = ZP2DUBL9ML;
				ENABLE_HARDENED_RUNTIME = YES;
				ENABLE_PREVIEWS = YES;
				GENERATE_INFOPLIST_FILE = YES;
				"INFOPLIST_KEY_UIApplicationSceneManifest_Generation[sdk=iphoneos*]" = YES;
				"INFOPLIST_KEY_UIApplicationSceneManifest_Generation[sdk=iphonesimulator*]" = YES;
				"INFOPLIST_KEY_UIApplicationSupportsIndirectInputEvents[sdk=iphoneos*]" = YES;
				"INFOPLIST_KEY_UIApplicationSupportsIndirectInputEvents[sdk=iphonesimulator*]" = YES;
				"INFOPLIST_KEY_UILaunchScreen_Generation[sdk=iphoneos*]" = YES;
				"INFOPLIST_KEY_UILaunchScreen_Generation[sdk=iphonesimulator*]" = YES;
				"INFOPLIST_KEY_UIStatusBarStyle[sdk=iphoneos*]" = UIStatusBarStyleDefault;
				"INFOPLIST_KEY_UIStatusBarStyle[sdk=iphonesimulator*]" = UIStatusBarStyleDefault;
				INFOPLIST_KEY_UISupportedInterfaceOrientations_iPad = "UIInterfaceOrientationPortrait UIInterfaceOrientationPortraitUpsideDown UIInterfaceOrientationLandscapeLeft UIInterfaceOrientationLandscapeRight";
				INFOPLIST_KEY_UISupportedInterfaceOrientations_iPhone = "UIInterfaceOrientationPortrait UIInterfaceOrientationLandscapeLeft UIInterfaceOrientationLandscapeRight";
				IPHONEOS_DEPLOYMENT_TARGET = 16.0;
				LD_RUNPATH_SEARCH_PATHS = "@executable_path/Frameworks";
				"LD_RUNPATH_SEARCH_PATHS[sdk=macosx*]" = "@executable_path/../Frameworks";
				MACOSX_DEPLOYMENT_TARGET = 13.0;
				MARKETING_VERSION = 1.0;
				PRODUCT_BUNDLE_IDENTIFIER = com.hyuny.Helper.Helper;
				PRODUCT_NAME = "$(TARGET_NAME)";
				SDKROOT = auto;
				SUPPORTED_PLATFORMS = "iphoneos iphonesimulator macosx";
				SWIFT_EMIT_LOC_STRINGS = YES;
				SWIFT_VERSION = 5.0;
				TARGETED_DEVICE_FAMILY = "1,2";
			};
			name = Debug;
		};
		5316F78E2B6CE0250038A7BB /* Release */ = {
			isa = XCBuildConfiguration;
			buildSettings = {
				ASSETCATALOG_COMPILER_APPICON_NAME = AppIcon;
				ASSETCATALOG_COMPILER_GLOBAL_ACCENT_COLOR_NAME = AccentColor;
				CODE_SIGN_ENTITLEMENTS = Helper/Helper.entitlements;
				CODE_SIGN_STYLE = Automatic;
				CURRENT_PROJECT_VERSION = 1;
				DEVELOPMENT_ASSET_PATHS = "\"Helper/Preview Content\"";
				DEVELOPMENT_TEAM = ZP2DUBL9ML;
				ENABLE_HARDENED_RUNTIME = YES;
				ENABLE_PREVIEWS = YES;
				GENERATE_INFOPLIST_FILE = YES;
				"INFOPLIST_KEY_UIApplicationSceneManifest_Generation[sdk=iphoneos*]" = YES;
				"INFOPLIST_KEY_UIApplicationSceneManifest_Generation[sdk=iphonesimulator*]" = YES;
				"INFOPLIST_KEY_UIApplicationSupportsIndirectInputEvents[sdk=iphoneos*]" = YES;
				"INFOPLIST_KEY_UIApplicationSupportsIndirectInputEvents[sdk=iphonesimulator*]" = YES;
				"INFOPLIST_KEY_UILaunchScreen_Generation[sdk=iphoneos*]" = YES;
				"INFOPLIST_KEY_UILaunchScreen_Generation[sdk=iphonesimulator*]" = YES;
				"INFOPLIST_KEY_UIStatusBarStyle[sdk=iphoneos*]" = UIStatusBarStyleDefault;
				"INFOPLIST_KEY_UIStatusBarStyle[sdk=iphonesimulator*]" = UIStatusBarStyleDefault;
				INFOPLIST_KEY_UISupportedInterfaceOrientations_iPad = "UIInterfaceOrientationPortrait UIInterfaceOrientationPortraitUpsideDown UIInterfaceOrientationLandscapeLeft UIInterfaceOrientationLandscapeRight";
				INFOPLIST_KEY_UISupportedInterfaceOrientations_iPhone = "UIInterfaceOrientationPortrait UIInterfaceOrientationLandscapeLeft UIInterfaceOrientationLandscapeRight";
				IPHONEOS_DEPLOYMENT_TARGET = 16.0;
				LD_RUNPATH_SEARCH_PATHS = "@executable_path/Frameworks";
				"LD_RUNPATH_SEARCH_PATHS[sdk=macosx*]" = "@executable_path/../Frameworks";
				MACOSX_DEPLOYMENT_TARGET = 13.0;
				MARKETING_VERSION = 1.0;
				PRODUCT_BUNDLE_IDENTIFIER = com.hyuny.Helper.Helper;
				PRODUCT_NAME = "$(TARGET_NAME)";
				SDKROOT = auto;
				SUPPORTED_PLATFORMS = "iphoneos iphonesimulator macosx";
				SWIFT_EMIT_LOC_STRINGS = YES;
				SWIFT_VERSION = 5.0;
				TARGETED_DEVICE_FAMILY = "1,2";
			};
			name = Release;
		};
		5316F7902B6CE0250038A7BB /* Debug */ = {
			isa = XCBuildConfiguration;
			buildSettings = {
				ALWAYS_EMBED_SWIFT_STANDARD_LIBRARIES = YES;
				BUNDLE_LOADER = "$(TEST_HOST)";
				CODE_SIGN_STYLE = Automatic;
				CURRENT_PROJECT_VERSION = 1;
				DEVELOPMENT_TEAM = ZP2DUBL9ML;
				GENERATE_INFOPLIST_FILE = YES;
				IPHONEOS_DEPLOYMENT_TARGET = 17.2;
				MACOSX_DEPLOYMENT_TARGET = 14.2;
				MARKETING_VERSION = 1.0;
				PRODUCT_BUNDLE_IDENTIFIER = com.hyuny.Helper.HelperTests;
				PRODUCT_NAME = "$(TARGET_NAME)";
				SDKROOT = auto;
				SUPPORTED_PLATFORMS = "iphoneos iphonesimulator macosx";
				SWIFT_EMIT_LOC_STRINGS = NO;
				SWIFT_VERSION = 5.0;
				TARGETED_DEVICE_FAMILY = "1,2";
				TEST_HOST = "$(BUILT_PRODUCTS_DIR)/Helper.app/$(BUNDLE_EXECUTABLE_FOLDER_PATH)/Helper";
			};
			name = Debug;
		};
		5316F7912B6CE0250038A7BB /* Release */ = {
			isa = XCBuildConfiguration;
			buildSettings = {
				ALWAYS_EMBED_SWIFT_STANDARD_LIBRARIES = YES;
				BUNDLE_LOADER = "$(TEST_HOST)";
				CODE_SIGN_STYLE = Automatic;
				CURRENT_PROJECT_VERSION = 1;
				DEVELOPMENT_TEAM = ZP2DUBL9ML;
				GENERATE_INFOPLIST_FILE = YES;
				IPHONEOS_DEPLOYMENT_TARGET = 17.2;
				MACOSX_DEPLOYMENT_TARGET = 14.2;
				MARKETING_VERSION = 1.0;
				PRODUCT_BUNDLE_IDENTIFIER = com.hyuny.Helper.HelperTests;
				PRODUCT_NAME = "$(TARGET_NAME)";
				SDKROOT = auto;
				SUPPORTED_PLATFORMS = "iphoneos iphonesimulator macosx";
				SWIFT_EMIT_LOC_STRINGS = NO;
				SWIFT_VERSION = 5.0;
				TARGETED_DEVICE_FAMILY = "1,2";
				TEST_HOST = "$(BUILT_PRODUCTS_DIR)/Helper.app/$(BUNDLE_EXECUTABLE_FOLDER_PATH)/Helper";
			};
			name = Release;
		};
		5316F7932B6CE0250038A7BB /* Debug */ = {
			isa = XCBuildConfiguration;
			buildSettings = {
				ALWAYS_EMBED_SWIFT_STANDARD_LIBRARIES = YES;
				CODE_SIGN_STYLE = Automatic;
				CURRENT_PROJECT_VERSION = 1;
				DEVELOPMENT_TEAM = ZP2DUBL9ML;
				GENERATE_INFOPLIST_FILE = YES;
				IPHONEOS_DEPLOYMENT_TARGET = 17.2;
				MACOSX_DEPLOYMENT_TARGET = 14.2;
				MARKETING_VERSION = 1.0;
				PRODUCT_BUNDLE_IDENTIFIER = com.hyuny.Helper.HelperUITests;
				PRODUCT_NAME = "$(TARGET_NAME)";
				SDKROOT = auto;
				SUPPORTED_PLATFORMS = "iphoneos iphonesimulator macosx";
				SWIFT_EMIT_LOC_STRINGS = NO;
				SWIFT_VERSION = 5.0;
				TARGETED_DEVICE_FAMILY = "1,2";
				TEST_TARGET_NAME = Helper;
			};
			name = Debug;
		};
		5316F7942B6CE0250038A7BB /* Release */ = {
			isa = XCBuildConfiguration;
			buildSettings = {
				ALWAYS_EMBED_SWIFT_STANDARD_LIBRARIES = YES;
				CODE_SIGN_STYLE = Automatic;
				CURRENT_PROJECT_VERSION = 1;
				DEVELOPMENT_TEAM = ZP2DUBL9ML;
				GENERATE_INFOPLIST_FILE = YES;
				IPHONEOS_DEPLOYMENT_TARGET = 17.2;
				MACOSX_DEPLOYMENT_TARGET = 14.2;
				MARKETING_VERSION = 1.0;
				PRODUCT_BUNDLE_IDENTIFIER = com.hyuny.Helper.HelperUITests;
				PRODUCT_NAME = "$(TARGET_NAME)";
				SDKROOT = auto;
				SUPPORTED_PLATFORMS = "iphoneos iphonesimulator macosx";
				SWIFT_EMIT_LOC_STRINGS = NO;
				SWIFT_VERSION = 5.0;
				TARGETED_DEVICE_FAMILY = "1,2";
				TEST_TARGET_NAME = Helper;
			};
			name = Release;
		};
/* End XCBuildConfiguration section */

/* Begin XCConfigurationList section */
		5316F7622B6CE0230038A7BB /* Build configuration list for PBXProject "Helper" */ = {
			isa = XCConfigurationList;
			buildConfigurations = (
				5316F78A2B6CE0250038A7BB /* Debug */,
				5316F78B2B6CE0250038A7BB /* Release */,
			);
			defaultConfigurationIsVisible = 0;
			defaultConfigurationName = Release;
		};
		5316F78C2B6CE0250038A7BB /* Build configuration list for PBXNativeTarget "Helper" */ = {
			isa = XCConfigurationList;
			buildConfigurations = (
				5316F78D2B6CE0250038A7BB /* Debug */,
				5316F78E2B6CE0250038A7BB /* Release */,
			);
			defaultConfigurationIsVisible = 0;
			defaultConfigurationName = Release;
		};
		5316F78F2B6CE0250038A7BB /* Build configuration list for PBXNativeTarget "HelperTests" */ = {
			isa = XCConfigurationList;
			buildConfigurations = (
				5316F7902B6CE0250038A7BB /* Debug */,
				5316F7912B6CE0250038A7BB /* Release */,
			);
			defaultConfigurationIsVisible = 0;
			defaultConfigurationName = Release;
		};
		5316F7922B6CE0250038A7BB /* Build configuration list for PBXNativeTarget "HelperUITests" */ = {
			isa = XCConfigurationList;
			buildConfigurations = (
				5316F7932B6CE0250038A7BB /* Debug */,
				5316F7942B6CE0250038A7BB /* Release */,
			);
			defaultConfigurationIsVisible = 0;
			defaultConfigurationName = Release;
		};
/* End XCConfigurationList section */
	};
	rootObject = 5316F75F2B6CE0230038A7BB /* Project object */;
}
