// !$*UTF8*$!
{
	archiveVersion = 1;
	classes = {
	};
	objectVersion = 56;
	objects = {

/* Begin PBXBuildFile section */
		5316F7392B6CDEC30038A7BB /* MainListCell.swift in Sources */ = {isa = PBXBuildFile; fileRef = 5316F7382B6CDEC30038A7BB /* MainListCell.swift */; };
		5316F79B2B6CE2D20038A7BB /* Extensions.swift in Sources */ = {isa = PBXBuildFile; fileRef = 5316F79A2B6CE21A0038A7BB /* Extensions.swift */; };
		5316F79E2B6CF5C10038A7BB /* SceneRouter.swift in Sources */ = {isa = PBXBuildFile; fileRef = 5316F79D2B6CF5C10038A7BB /* SceneRouter.swift */; };
		5316F7A02B6CF65C0038A7BB /* BaseViewController.swift in Sources */ = {isa = PBXBuildFile; fileRef = 5316F79F2B6CF65C0038A7BB /* BaseViewController.swift */; };
		5316F7A22B6CF78E0038A7BB /* MainListCell.xib in Resources */ = {isa = PBXBuildFile; fileRef = 5316F7A12B6CF78E0038A7BB /* MainListCell.xib */; };
		5316F7B02B6D03370038A7BB /* MainViewController.swift in Sources */ = {isa = PBXBuildFile; fileRef = 5316F7AE2B6D03370038A7BB /* MainViewController.swift */; };
		5316F7B12B6D03370038A7BB /* MainViewController.xib in Resources */ = {isa = PBXBuildFile; fileRef = 5316F7AF2B6D03370038A7BB /* MainViewController.xib */; };
		53823A792B6D41CE00DDC087 /* .swiftlint.yml in Resources */ = {isa = PBXBuildFile; fileRef = 53823A782B6D41CE00DDC087 /* .swiftlint.yml */; };
		53C167FA2B6D3E6700B2231C /* LevelOSLog in Frameworks */ = {isa = PBXBuildFile; productRef = 53C167F92B6D3E6700B2231C /* LevelOSLog */; };
		951C8A7B2A73D59A006579D0 /* MainViewModel.swift in Sources */ = {isa = PBXBuildFile; fileRef = 951C8A7A2A73D59A006579D0 /* MainViewModel.swift */; };
		9599998F2A4533CA00E8A7F1 /* AppDelegate.swift in Sources */ = {isa = PBXBuildFile; fileRef = 9599998E2A4533CA00E8A7F1 /* AppDelegate.swift */; };
		959999912A4533CA00E8A7F1 /* SceneDelegate.swift in Sources */ = {isa = PBXBuildFile; fileRef = 959999902A4533CA00E8A7F1 /* SceneDelegate.swift */; };
		959999982A4533CB00E8A7F1 /* Assets.xcassets in Resources */ = {isa = PBXBuildFile; fileRef = 959999972A4533CB00E8A7F1 /* Assets.xcassets */; };
		9599999B2A4533CB00E8A7F1 /* LaunchScreen.storyboard in Resources */ = {isa = PBXBuildFile; fileRef = 959999992A4533CB00E8A7F1 /* LaunchScreen.storyboard */; };
		959999A62A4533CB00E8A7F1 /* ReadyPlayWorkUIKitTests.swift in Sources */ = {isa = PBXBuildFile; fileRef = 959999A52A4533CB00E8A7F1 /* ReadyPlayWorkUIKitTests.swift */; };
		959999B02A4533CB00E8A7F1 /* ReadyPlayWorkUIKitUITests.swift in Sources */ = {isa = PBXBuildFile; fileRef = 959999AF2A4533CB00E8A7F1 /* ReadyPlayWorkUIKitUITests.swift */; };
		959999B22A4533CB00E8A7F1 /* ReadyPlayWorkUIKitUITestsLaunchTests.swift in Sources */ = {isa = PBXBuildFile; fileRef = 959999B12A4533CB00E8A7F1 /* ReadyPlayWorkUIKitUITestsLaunchTests.swift */; };
/* End PBXBuildFile section */

/* Begin PBXContainerItemProxy section */
		959999A22A4533CB00E8A7F1 /* PBXContainerItemProxy */ = {
			isa = PBXContainerItemProxy;
			containerPortal = 959999832A4533CA00E8A7F1 /* Project object */;
			proxyType = 1;
			remoteGlobalIDString = 9599998A2A4533CA00E8A7F1;
			remoteInfo = ReadyPlayWorkUIKit;
		};
		959999AC2A4533CB00E8A7F1 /* PBXContainerItemProxy */ = {
			isa = PBXContainerItemProxy;
			containerPortal = 959999832A4533CA00E8A7F1 /* Project object */;
			proxyType = 1;
			remoteGlobalIDString = 9599998A2A4533CA00E8A7F1;
			remoteInfo = ReadyPlayWorkUIKit;
		};
/* End PBXContainerItemProxy section */

/* Begin PBXFileReference section */
		5316F7382B6CDEC30038A7BB /* MainListCell.swift */ = {isa = PBXFileReference; lastKnownFileType = sourcecode.swift; path = MainListCell.swift; sourceTree = "<group>"; };
		5316F7982B6CE0CC0038A7BB /* Helper.app */ = {isa = PBXFileReference; explicitFileType = wrapper.application; path = Helper.app; sourceTree = BUILT_PRODUCTS_DIR; };
		5316F79A2B6CE21A0038A7BB /* Extensions.swift */ = {isa = PBXFileReference; lastKnownFileType = sourcecode.swift; name = Extensions.swift; path = ../Helper/Helper/Extensions.swift; sourceTree = "<group>"; };
		5316F79D2B6CF5C10038A7BB /* SceneRouter.swift */ = {isa = PBXFileReference; lastKnownFileType = sourcecode.swift; path = SceneRouter.swift; sourceTree = "<group>"; };
		5316F79F2B6CF65C0038A7BB /* BaseViewController.swift */ = {isa = PBXFileReference; lastKnownFileType = sourcecode.swift; path = BaseViewController.swift; sourceTree = "<group>"; };
		5316F7A12B6CF78E0038A7BB /* MainListCell.xib */ = {isa = PBXFileReference; lastKnownFileType = file.xib; path = MainListCell.xib; sourceTree = "<group>"; };
		5316F7AE2B6D03370038A7BB /* MainViewController.swift */ = {isa = PBXFileReference; lastKnownFileType = sourcecode.swift; path = MainViewController.swift; sourceTree = "<group>"; };
		5316F7AF2B6D03370038A7BB /* MainViewController.xib */ = {isa = PBXFileReference; lastKnownFileType = file.xib; path = MainViewController.xib; sourceTree = "<group>"; };
		53823A782B6D41CE00DDC087 /* .swiftlint.yml */ = {isa = PBXFileReference; fileEncoding = 4; lastKnownFileType = text.yaml; path = .swiftlint.yml; sourceTree = "<group>"; };
		951C8A7A2A73D59A006579D0 /* MainViewModel.swift */ = {isa = PBXFileReference; lastKnownFileType = sourcecode.swift; path = MainViewModel.swift; sourceTree = "<group>"; };
		9599998B2A4533CA00E8A7F1 /* ReadyPlayWorkUIKit.app */ = {isa = PBXFileReference; explicitFileType = wrapper.application; includeInIndex = 0; path = ReadyPlayWorkUIKit.app; sourceTree = BUILT_PRODUCTS_DIR; };
		9599998E2A4533CA00E8A7F1 /* AppDelegate.swift */ = {isa = PBXFileReference; lastKnownFileType = sourcecode.swift; path = AppDelegate.swift; sourceTree = "<group>"; };
		959999902A4533CA00E8A7F1 /* SceneDelegate.swift */ = {isa = PBXFileReference; lastKnownFileType = sourcecode.swift; path = SceneDelegate.swift; sourceTree = "<group>"; };
		959999972A4533CB00E8A7F1 /* Assets.xcassets */ = {isa = PBXFileReference; lastKnownFileType = folder.assetcatalog; path = Assets.xcassets; sourceTree = "<group>"; };
		9599999A2A4533CB00E8A7F1 /* Base */ = {isa = PBXFileReference; lastKnownFileType = file.storyboard; name = Base; path = Base.lproj/LaunchScreen.storyboard; sourceTree = "<group>"; };
		9599999C2A4533CB00E8A7F1 /* Info.plist */ = {isa = PBXFileReference; lastKnownFileType = text.plist.xml; path = Info.plist; sourceTree = "<group>"; };
		959999A12A4533CB00E8A7F1 /* ReadyPlayWorkUIKitTests.xctest */ = {isa = PBXFileReference; explicitFileType = wrapper.cfbundle; includeInIndex = 0; path = ReadyPlayWorkUIKitTests.xctest; sourceTree = BUILT_PRODUCTS_DIR; };
		959999A52A4533CB00E8A7F1 /* ReadyPlayWorkUIKitTests.swift */ = {isa = PBXFileReference; lastKnownFileType = sourcecode.swift; path = ReadyPlayWorkUIKitTests.swift; sourceTree = "<group>"; };
		959999AB2A4533CB00E8A7F1 /* ReadyPlayWorkUIKitUITests.xctest */ = {isa = PBXFileReference; explicitFileType = wrapper.cfbundle; includeInIndex = 0; path = ReadyPlayWorkUIKitUITests.xctest; sourceTree = BUILT_PRODUCTS_DIR; };
		959999AF2A4533CB00E8A7F1 /* ReadyPlayWorkUIKitUITests.swift */ = {isa = PBXFileReference; lastKnownFileType = sourcecode.swift; path = ReadyPlayWorkUIKitUITests.swift; sourceTree = "<group>"; };
		959999B12A4533CB00E8A7F1 /* ReadyPlayWorkUIKitUITestsLaunchTests.swift */ = {isa = PBXFileReference; lastKnownFileType = sourcecode.swift; path = ReadyPlayWorkUIKitUITestsLaunchTests.swift; sourceTree = "<group>"; };
/* End PBXFileReference section */

/* Begin PBXFrameworksBuildPhase section */
		959999882A4533CA00E8A7F1 /* Frameworks */ = {
			isa = PBXFrameworksBuildPhase;
			buildActionMask = 2147483647;
			files = (
				53C167FA2B6D3E6700B2231C /* LevelOSLog in Frameworks */,
			);
			runOnlyForDeploymentPostprocessing = 0;
		};
		9599999E2A4533CB00E8A7F1 /* Frameworks */ = {
			isa = PBXFrameworksBuildPhase;
			buildActionMask = 2147483647;
			files = (
			);
			runOnlyForDeploymentPostprocessing = 0;
		};
		959999A82A4533CB00E8A7F1 /* Frameworks */ = {
			isa = PBXFrameworksBuildPhase;
			buildActionMask = 2147483647;
			files = (
			);
			runOnlyForDeploymentPostprocessing = 0;
		};
/* End PBXFrameworksBuildPhase section */

/* Begin PBXGroup section */
		5316F72C2B6CD15D0038A7BB /* Scenes */ = {
			isa = PBXGroup;
			children = (
				5316F7322B6CD8D00038A7BB /* MainList */,
				5316F79F2B6CF65C0038A7BB /* BaseViewController.swift */,
			);
			path = Scenes;
			sourceTree = "<group>";
		};
		5316F7322B6CD8D00038A7BB /* MainList */ = {
			isa = PBXGroup;
			children = (
				5316F7332B6CD8DB0038A7BB /* ListCell */,
				951C8A7A2A73D59A006579D0 /* MainViewModel.swift */,
				5316F7AE2B6D03370038A7BB /* MainViewController.swift */,
				5316F7AF2B6D03370038A7BB /* MainViewController.xib */,
			);
			path = MainList;
			sourceTree = "<group>";
		};
		5316F7332B6CD8DB0038A7BB /* ListCell */ = {
			isa = PBXGroup;
			children = (
				5316F7382B6CDEC30038A7BB /* MainListCell.swift */,
				5316F7A12B6CF78E0038A7BB /* MainListCell.xib */,
			);
			path = ListCell;
			sourceTree = "<group>";
		};
		5316F7972B6CE0CC0038A7BB /* Frameworks */ = {
			isa = PBXGroup;
			children = (
				5316F79A2B6CE21A0038A7BB /* Extensions.swift */,
				5316F7982B6CE0CC0038A7BB /* Helper.app */,
			);
			name = Frameworks;
			sourceTree = "<group>";
		};
		5316F79C2B6CF5830038A7BB /* Application */ = {
			isa = PBXGroup;
			children = (
				9599998E2A4533CA00E8A7F1 /* AppDelegate.swift */,
				959999902A4533CA00E8A7F1 /* SceneDelegate.swift */,
				5316F79D2B6CF5C10038A7BB /* SceneRouter.swift */,
			);
			path = Application;
			sourceTree = "<group>";
		};
		959999822A4533CA00E8A7F1 = {
			isa = PBXGroup;
			children = (
				53823A782B6D41CE00DDC087 /* .swiftlint.yml */,
				9599998D2A4533CA00E8A7F1 /* ReadyPlayWorkUIKit */,
				959999A42A4533CB00E8A7F1 /* ReadyPlayWorkUIKitTests */,
				959999AE2A4533CB00E8A7F1 /* ReadyPlayWorkUIKitUITests */,
				9599998C2A4533CA00E8A7F1 /* Products */,
				5316F7972B6CE0CC0038A7BB /* Frameworks */,
			);
			sourceTree = "<group>";
		};
		9599998C2A4533CA00E8A7F1 /* Products */ = {
			isa = PBXGroup;
			children = (
				9599998B2A4533CA00E8A7F1 /* ReadyPlayWorkUIKit.app */,
				959999A12A4533CB00E8A7F1 /* ReadyPlayWorkUIKitTests.xctest */,
				959999AB2A4533CB00E8A7F1 /* ReadyPlayWorkUIKitUITests.xctest */,
			);
			name = Products;
			sourceTree = "<group>";
		};
		9599998D2A4533CA00E8A7F1 /* ReadyPlayWorkUIKit */ = {
			isa = PBXGroup;
			children = (
				5316F79C2B6CF5830038A7BB /* Application */,
				5316F72C2B6CD15D0038A7BB /* Scenes */,
				959999972A4533CB00E8A7F1 /* Assets.xcassets */,
				959999992A4533CB00E8A7F1 /* LaunchScreen.storyboard */,
				9599999C2A4533CB00E8A7F1 /* Info.plist */,
			);
			path = ReadyPlayWorkUIKit;
			sourceTree = "<group>";
		};
		959999A42A4533CB00E8A7F1 /* ReadyPlayWorkUIKitTests */ = {
			isa = PBXGroup;
			children = (
				959999A52A4533CB00E8A7F1 /* ReadyPlayWorkUIKitTests.swift */,
			);
			path = ReadyPlayWorkUIKitTests;
			sourceTree = "<group>";
		};
		959999AE2A4533CB00E8A7F1 /* ReadyPlayWorkUIKitUITests */ = {
			isa = PBXGroup;
			children = (
				959999AF2A4533CB00E8A7F1 /* ReadyPlayWorkUIKitUITests.swift */,
				959999B12A4533CB00E8A7F1 /* ReadyPlayWorkUIKitUITestsLaunchTests.swift */,
			);
			path = ReadyPlayWorkUIKitUITests;
			sourceTree = "<group>";
		};
/* End PBXGroup section */

/* Begin PBXNativeTarget section */
		9599998A2A4533CA00E8A7F1 /* ReadyPlayWorkUIKit */ = {
			isa = PBXNativeTarget;
			buildConfigurationList = 959999B52A4533CB00E8A7F1 /* Build configuration list for PBXNativeTarget "ReadyPlayWorkUIKit" */;
			buildPhases = (
				959999872A4533CA00E8A7F1 /* Sources */,
				959999882A4533CA00E8A7F1 /* Frameworks */,
				959999892A4533CA00E8A7F1 /* Resources */,
				535B06B92B6D0AB600808750 /* ShellScript */,
			);
			buildRules = (
			);
			dependencies = (
			);
			name = ReadyPlayWorkUIKit;
			packageProductDependencies = (
				53C167F92B6D3E6700B2231C /* LevelOSLog */,
			);
			productName = ReadyPlayWorkUIKit;
			productReference = 9599998B2A4533CA00E8A7F1 /* ReadyPlayWorkUIKit.app */;
			productType = "com.apple.product-type.application";
		};
		959999A02A4533CB00E8A7F1 /* ReadyPlayWorkUIKitTests */ = {
			isa = PBXNativeTarget;
			buildConfigurationList = 959999B82A4533CB00E8A7F1 /* Build configuration list for PBXNativeTarget "ReadyPlayWorkUIKitTests" */;
			buildPhases = (
				9599999D2A4533CB00E8A7F1 /* Sources */,
				9599999E2A4533CB00E8A7F1 /* Frameworks */,
				9599999F2A4533CB00E8A7F1 /* Resources */,
			);
			buildRules = (
			);
			dependencies = (
				959999A32A4533CB00E8A7F1 /* PBXTargetDependency */,
			);
			name = ReadyPlayWorkUIKitTests;
			productName = ReadyPlayWorkUIKitTests;
			productReference = 959999A12A4533CB00E8A7F1 /* ReadyPlayWorkUIKitTests.xctest */;
			productType = "com.apple.product-type.bundle.unit-test";
		};
		959999AA2A4533CB00E8A7F1 /* ReadyPlayWorkUIKitUITests */ = {
			isa = PBXNativeTarget;
			buildConfigurationList = 959999BB2A4533CB00E8A7F1 /* Build configuration list for PBXNativeTarget "ReadyPlayWorkUIKitUITests" */;
			buildPhases = (
				959999A72A4533CB00E8A7F1 /* Sources */,
				959999A82A4533CB00E8A7F1 /* Frameworks */,
				959999A92A4533CB00E8A7F1 /* Resources */,
			);
			buildRules = (
			);
			dependencies = (
				959999AD2A4533CB00E8A7F1 /* PBXTargetDependency */,
			);
			name = ReadyPlayWorkUIKitUITests;
			productName = ReadyPlayWorkUIKitUITests;
			productReference = 959999AB2A4533CB00E8A7F1 /* ReadyPlayWorkUIKitUITests.xctest */;
			productType = "com.apple.product-type.bundle.ui-testing";
		};
/* End PBXNativeTarget section */

/* Begin PBXProject section */
		959999832A4533CA00E8A7F1 /* Project object */ = {
			isa = PBXProject;
			attributes = {
				BuildIndependentTargetsInParallel = 1;
				LastSwiftUpdateCheck = 1430;
				LastUpgradeCheck = 1500;
				TargetAttributes = {
					9599998A2A4533CA00E8A7F1 = {
						CreatedOnToolsVersion = 14.3;
					};
					959999A02A4533CB00E8A7F1 = {
						CreatedOnToolsVersion = 14.3;
						TestTargetID = 9599998A2A4533CA00E8A7F1;
					};
					959999AA2A4533CB00E8A7F1 = {
						CreatedOnToolsVersion = 14.3;
						TestTargetID = 9599998A2A4533CA00E8A7F1;
					};
				};
			};
			buildConfigurationList = 959999862A4533CA00E8A7F1 /* Build configuration list for PBXProject "ReadyPlayWorkUIKit" */;
			compatibilityVersion = "Xcode 14.0";
			developmentRegion = en;
			hasScannedForEncodings = 0;
			knownRegions = (
				en,
				Base,
			);
			mainGroup = 959999822A4533CA00E8A7F1;
			packageReferences = (
				53C167F82B6D3E6700B2231C /* XCRemoteSwiftPackageReference "LevelOSLog" */,
			);
			productRefGroup = 9599998C2A4533CA00E8A7F1 /* Products */;
			projectDirPath = "";
			projectRoot = "";
			targets = (
				9599998A2A4533CA00E8A7F1 /* ReadyPlayWorkUIKit */,
				959999A02A4533CB00E8A7F1 /* ReadyPlayWorkUIKitTests */,
				959999AA2A4533CB00E8A7F1 /* ReadyPlayWorkUIKitUITests */,
			);
		};
/* End PBXProject section */

/* Begin PBXResourcesBuildPhase section */
		959999892A4533CA00E8A7F1 /* Resources */ = {
			isa = PBXResourcesBuildPhase;
			buildActionMask = 2147483647;
			files = (
				53823A792B6D41CE00DDC087 /* .swiftlint.yml in Resources */,
				9599999B2A4533CB00E8A7F1 /* LaunchScreen.storyboard in Resources */,
				959999982A4533CB00E8A7F1 /* Assets.xcassets in Resources */,
				5316F7A22B6CF78E0038A7BB /* MainListCell.xib in Resources */,
				5316F7B12B6D03370038A7BB /* MainViewController.xib in Resources */,
			);
			runOnlyForDeploymentPostprocessing = 0;
		};
		9599999F2A4533CB00E8A7F1 /* Resources */ = {
			isa = PBXResourcesBuildPhase;
			buildActionMask = 2147483647;
			files = (
			);
			runOnlyForDeploymentPostprocessing = 0;
		};
		959999A92A4533CB00E8A7F1 /* Resources */ = {
			isa = PBXResourcesBuildPhase;
			buildActionMask = 2147483647;
			files = (
			);
			runOnlyForDeploymentPostprocessing = 0;
		};
/* End PBXResourcesBuildPhase section */

/* Begin PBXShellScriptBuildPhase section */
		535B06B92B6D0AB600808750 /* ShellScript */ = {
			isa = PBXShellScriptBuildPhase;
			alwaysOutOfDate = 1;
			buildActionMask = 2147483647;
			files = (
			);
			inputFileListPaths = (
			);
			inputPaths = (
			);
			outputFileListPaths = (
			);
			outputPaths = (
			);
			runOnlyForDeploymentPostprocessing = 0;
			shellPath = /bin/sh;
			shellScript = "\nif [[ \"$(uname -m)\" == arm64 ]]; then\n    export PATH=\"/opt/homebrew/bin:$PATH\"\nfi\n\nif which swiftlint > /dev/null; then\n  swiftlint\nelse\n  echo \"warning: SwiftLint not installed, download from https://github.com/realm/SwiftLint\"\nfi\n";
		};
/* End PBXShellScriptBuildPhase section */

/* Begin PBXSourcesBuildPhase section */
		959999872A4533CA00E8A7F1 /* Sources */ = {
			isa = PBXSourcesBuildPhase;
			buildActionMask = 2147483647;
			files = (
				5316F79B2B6CE2D20038A7BB /* Extensions.swift in Sources */,
				9599998F2A4533CA00E8A7F1 /* AppDelegate.swift in Sources */,
				959999912A4533CA00E8A7F1 /* SceneDelegate.swift in Sources */,
				951C8A7B2A73D59A006579D0 /* MainViewModel.swift in Sources */,
				5316F79E2B6CF5C10038A7BB /* SceneRouter.swift in Sources */,
				5316F7A02B6CF65C0038A7BB /* BaseViewController.swift in Sources */,
				5316F7392B6CDEC30038A7BB /* MainListCell.swift in Sources */,
				5316F7B02B6D03370038A7BB /* MainViewController.swift in Sources */,
			);
			runOnlyForDeploymentPostprocessing = 0;
		};
		9599999D2A4533CB00E8A7F1 /* Sources */ = {
			isa = PBXSourcesBuildPhase;
			buildActionMask = 2147483647;
			files = (
				959999A62A4533CB00E8A7F1 /* ReadyPlayWorkUIKitTests.swift in Sources */,
			);
			runOnlyForDeploymentPostprocessing = 0;
		};
		959999A72A4533CB00E8A7F1 /* Sources */ = {
			isa = PBXSourcesBuildPhase;
			buildActionMask = 2147483647;
			files = (
				959999B22A4533CB00E8A7F1 /* ReadyPlayWorkUIKitUITestsLaunchTests.swift in Sources */,
				959999B02A4533CB00E8A7F1 /* ReadyPlayWorkUIKitUITests.swift in Sources */,
			);
			runOnlyForDeploymentPostprocessing = 0;
		};
/* End PBXSourcesBuildPhase section */

/* Begin PBXTargetDependency section */
		959999A32A4533CB00E8A7F1 /* PBXTargetDependency */ = {
			isa = PBXTargetDependency;
			target = 9599998A2A4533CA00E8A7F1 /* ReadyPlayWorkUIKit */;
			targetProxy = 959999A22A4533CB00E8A7F1 /* PBXContainerItemProxy */;
		};
		959999AD2A4533CB00E8A7F1 /* PBXTargetDependency */ = {
			isa = PBXTargetDependency;
			target = 9599998A2A4533CA00E8A7F1 /* ReadyPlayWorkUIKit */;
			targetProxy = 959999AC2A4533CB00E8A7F1 /* PBXContainerItemProxy */;
		};
/* End PBXTargetDependency section */

/* Begin PBXVariantGroup section */
		959999992A4533CB00E8A7F1 /* LaunchScreen.storyboard */ = {
			isa = PBXVariantGroup;
			children = (
				9599999A2A4533CB00E8A7F1 /* Base */,
			);
			name = LaunchScreen.storyboard;
			sourceTree = "<group>";
		};
/* End PBXVariantGroup section */

/* Begin XCBuildConfiguration section */
		959999B32A4533CB00E8A7F1 /* Debug */ = {
			isa = XCBuildConfiguration;
			buildSettings = {
				ALWAYS_SEARCH_USER_PATHS = NO;
				ASSETCATALOG_COMPILER_GENERATE_SWIFT_ASSET_SYMBOL_EXTENSIONS = YES;
				CLANG_ANALYZER_NONNULL = YES;
				CLANG_ANALYZER_NUMBER_OBJECT_CONVERSION = YES_AGGRESSIVE;
				CLANG_CXX_LANGUAGE_STANDARD = "gnu++20";
				CLANG_ENABLE_MODULES = YES;
				CLANG_ENABLE_OBJC_ARC = YES;
				CLANG_ENABLE_OBJC_WEAK = YES;
				CLANG_WARN_BLOCK_CAPTURE_AUTORELEASING = YES;
				CLANG_WARN_BOOL_CONVERSION = YES;
				CLANG_WARN_COMMA = YES;
				CLANG_WARN_CONSTANT_CONVERSION = YES;
				CLANG_WARN_DEPRECATED_OBJC_IMPLEMENTATIONS = YES;
				CLANG_WARN_DIRECT_OBJC_ISA_USAGE = YES_ERROR;
				CLANG_WARN_DOCUMENTATION_COMMENTS = YES;
				CLANG_WARN_EMPTY_BODY = YES;
				CLANG_WARN_ENUM_CONVERSION = YES;
				CLANG_WARN_INFINITE_RECURSION = YES;
				CLANG_WARN_INT_CONVERSION = YES;
				CLANG_WARN_NON_LITERAL_NULL_CONVERSION = YES;
				CLANG_WARN_OBJC_IMPLICIT_RETAIN_SELF = YES;
				CLANG_WARN_OBJC_LITERAL_CONVERSION = YES;
				CLANG_WARN_OBJC_ROOT_CLASS = YES_ERROR;
				CLANG_WARN_QUOTED_INCLUDE_IN_FRAMEWORK_HEADER = YES;
				CLANG_WARN_RANGE_LOOP_ANALYSIS = YES;
				CLANG_WARN_STRICT_PROTOTYPES = YES;
				CLANG_WARN_SUSPICIOUS_MOVE = YES;
				CLANG_WARN_UNGUARDED_AVAILABILITY = YES_AGGRESSIVE;
				CLANG_WARN_UNREACHABLE_CODE = YES;
				CLANG_WARN__DUPLICATE_METHOD_MATCH = YES;
				COPY_PHASE_STRIP = NO;
				DEBUG_INFORMATION_FORMAT = dwarf;
				ENABLE_STRICT_OBJC_MSGSEND = YES;
				ENABLE_TESTABILITY = YES;
				ENABLE_USER_SCRIPT_SANDBOXING = YES;
				GCC_C_LANGUAGE_STANDARD = gnu11;
				GCC_DYNAMIC_NO_PIC = NO;
				GCC_NO_COMMON_BLOCKS = YES;
				GCC_OPTIMIZATION_LEVEL = 0;
				GCC_PREPROCESSOR_DEFINITIONS = (
					"DEBUG=1",
					"$(inherited)",
				);
				GCC_WARN_64_TO_32_BIT_CONVERSION = YES;
				GCC_WARN_ABOUT_RETURN_TYPE = YES_ERROR;
				GCC_WARN_UNDECLARED_SELECTOR = YES;
				GCC_WARN_UNINITIALIZED_AUTOS = YES_AGGRESSIVE;
				GCC_WARN_UNUSED_FUNCTION = YES;
				GCC_WARN_UNUSED_VARIABLE = YES;
				IPHONEOS_DEPLOYMENT_TARGET = 16.4;
				MTL_ENABLE_DEBUG_INFO = INCLUDE_SOURCE;
				MTL_FAST_MATH = YES;
				ONLY_ACTIVE_ARCH = YES;
				SDKROOT = iphoneos;
				SWIFT_ACTIVE_COMPILATION_CONDITIONS = DEBUG;
				SWIFT_OPTIMIZATION_LEVEL = "-Onone";
			};
			name = Debug;
		};
		959999B42A4533CB00E8A7F1 /* Release */ = {
			isa = XCBuildConfiguration;
			buildSettings = {
				ALWAYS_SEARCH_USER_PATHS = NO;
				ASSETCATALOG_COMPILER_GENERATE_SWIFT_ASSET_SYMBOL_EXTENSIONS = YES;
				CLANG_ANALYZER_NONNULL = YES;
				CLANG_ANALYZER_NUMBER_OBJECT_CONVERSION = YES_AGGRESSIVE;
				CLANG_CXX_LANGUAGE_STANDARD = "gnu++20";
				CLANG_ENABLE_MODULES = YES;
				CLANG_ENABLE_OBJC_ARC = YES;
				CLANG_ENABLE_OBJC_WEAK = YES;
				CLANG_WARN_BLOCK_CAPTURE_AUTORELEASING = YES;
				CLANG_WARN_BOOL_CONVERSION = YES;
				CLANG_WARN_COMMA = YES;
				CLANG_WARN_CONSTANT_CONVERSION = YES;
				CLANG_WARN_DEPRECATED_OBJC_IMPLEMENTATIONS = YES;
				CLANG_WARN_DIRECT_OBJC_ISA_USAGE = YES_ERROR;
				CLANG_WARN_DOCUMENTATION_COMMENTS = YES;
				CLANG_WARN_EMPTY_BODY = YES;
				CLANG_WARN_ENUM_CONVERSION = YES;
				CLANG_WARN_INFINITE_RECURSION = YES;
				CLANG_WARN_INT_CONVERSION = YES;
				CLANG_WARN_NON_LITERAL_NULL_CONVERSION = YES;
				CLANG_WARN_OBJC_IMPLICIT_RETAIN_SELF = YES;
				CLANG_WARN_OBJC_LITERAL_CONVERSION = YES;
				CLANG_WARN_OBJC_ROOT_CLASS = YES_ERROR;
				CLANG_WARN_QUOTED_INCLUDE_IN_FRAMEWORK_HEADER = YES;
				CLANG_WARN_RANGE_LOOP_ANALYSIS = YES;
				CLANG_WARN_STRICT_PROTOTYPES = YES;
				CLANG_WARN_SUSPICIOUS_MOVE = YES;
				CLANG_WARN_UNGUARDED_AVAILABILITY = YES_AGGRESSIVE;
				CLANG_WARN_UNREACHABLE_CODE = YES;
				CLANG_WARN__DUPLICATE_METHOD_MATCH = YES;
				COPY_PHASE_STRIP = NO;
				DEBUG_INFORMATION_FORMAT = "dwarf-with-dsym";
				ENABLE_NS_ASSERTIONS = NO;
				ENABLE_STRICT_OBJC_MSGSEND = YES;
				ENABLE_USER_SCRIPT_SANDBOXING = YES;
				GCC_C_LANGUAGE_STANDARD = gnu11;
				GCC_NO_COMMON_BLOCKS = YES;
				GCC_WARN_64_TO_32_BIT_CONVERSION = YES;
				GCC_WARN_ABOUT_RETURN_TYPE = YES_ERROR;
				GCC_WARN_UNDECLARED_SELECTOR = YES;
				GCC_WARN_UNINITIALIZED_AUTOS = YES_AGGRESSIVE;
				GCC_WARN_UNUSED_FUNCTION = YES;
				GCC_WARN_UNUSED_VARIABLE = YES;
				IPHONEOS_DEPLOYMENT_TARGET = 16.4;
				MTL_ENABLE_DEBUG_INFO = NO;
				MTL_FAST_MATH = YES;
				SDKROOT = iphoneos;
				SWIFT_COMPILATION_MODE = wholemodule;
				SWIFT_OPTIMIZATION_LEVEL = "-O";
				VALIDATE_PRODUCT = YES;
			};
			name = Release;
		};
		959999B62A4533CB00E8A7F1 /* Debug */ = {
			isa = XCBuildConfiguration;
			buildSettings = {
				ASSETCATALOG_COMPILER_APPICON_NAME = AppIcon;
				ASSETCATALOG_COMPILER_GLOBAL_ACCENT_COLOR_NAME = AccentColor;
				"CODE_SIGN_IDENTITY[sdk=iphoneos*]" = "iPhone Developer";
				CODE_SIGN_STYLE = Manual;
				CURRENT_PROJECT_VERSION = 1;
				DEVELOPMENT_TEAM = "";
				"DEVELOPMENT_TEAM[sdk=iphoneos*]" = ZP2DUBL9ML;
				ENABLE_USER_SCRIPT_SANDBOXING = NO;
				GENERATE_INFOPLIST_FILE = YES;
				INFOPLIST_FILE = ReadyPlayWorkUIKit/Info.plist;
				INFOPLIST_KEY_NSPhotoLibraryAddUsageDescription = "";
				INFOPLIST_KEY_UIApplicationSupportsIndirectInputEvents = YES;
				INFOPLIST_KEY_UILaunchStoryboardName = LaunchScreen;
				INFOPLIST_KEY_UIMainStoryboardFile = "";
				INFOPLIST_KEY_UISupportedInterfaceOrientations_iPad = "UIInterfaceOrientationPortrait UIInterfaceOrientationPortraitUpsideDown UIInterfaceOrientationLandscapeLeft UIInterfaceOrientationLandscapeRight";
				INFOPLIST_KEY_UISupportedInterfaceOrientations_iPhone = "UIInterfaceOrientationPortrait UIInterfaceOrientationLandscapeLeft UIInterfaceOrientationLandscapeRight";
				IPHONEOS_DEPLOYMENT_TARGET = 16.0;
				LD_RUNPATH_SEARCH_PATHS = (
					"$(inherited)",
					"@executable_path/Frameworks",
				);
				MARKETING_VERSION = 1.0;
				PRODUCT_BUNDLE_IDENTIFIER = com.hyuny.readyplaywork.uikit;
				PRODUCT_NAME = "$(TARGET_NAME)";
				PROVISIONING_PROFILE_SPECIFIER = "";
				"PROVISIONING_PROFILE_SPECIFIER[sdk=iphoneos*]" = ReadyPlayWorkUIKit;
				SWIFT_EMIT_LOC_STRINGS = YES;
				SWIFT_VERSION = 5.0;
				TARGETED_DEVICE_FAMILY = "1,2";
			};
			name = Debug;
		};
		959999B72A4533CB00E8A7F1 /* Release */ = {
			isa = XCBuildConfiguration;
			buildSettings = {
				ASSETCATALOG_COMPILER_APPICON_NAME = AppIcon;
				ASSETCATALOG_COMPILER_GLOBAL_ACCENT_COLOR_NAME = AccentColor;
				"CODE_SIGN_IDENTITY[sdk=iphoneos*]" = "iPhone Developer";
				CODE_SIGN_STYLE = Manual;
				CURRENT_PROJECT_VERSION = 1;
				DEVELOPMENT_TEAM = "";
				"DEVELOPMENT_TEAM[sdk=iphoneos*]" = ZP2DUBL9ML;
				ENABLE_USER_SCRIPT_SANDBOXING = NO;
				GENERATE_INFOPLIST_FILE = YES;
				INFOPLIST_FILE = ReadyPlayWorkUIKit/Info.plist;
				INFOPLIST_KEY_NSPhotoLibraryAddUsageDescription = "";
				INFOPLIST_KEY_UIApplicationSupportsIndirectInputEvents = YES;
				INFOPLIST_KEY_UILaunchStoryboardName = LaunchScreen;
				INFOPLIST_KEY_UIMainStoryboardFile = "";
				INFOPLIST_KEY_UISupportedInterfaceOrientations_iPad = "UIInterfaceOrientationPortrait UIInterfaceOrientationPortraitUpsideDown UIInterfaceOrientationLandscapeLeft UIInterfaceOrientationLandscapeRight";
				INFOPLIST_KEY_UISupportedInterfaceOrientations_iPhone = "UIInterfaceOrientationPortrait UIInterfaceOrientationLandscapeLeft UIInterfaceOrientationLandscapeRight";
				IPHONEOS_DEPLOYMENT_TARGET = 16.0;
				LD_RUNPATH_SEARCH_PATHS = (
					"$(inherited)",
					"@executable_path/Frameworks",
				);
				MARKETING_VERSION = 1.0;
				PRODUCT_BUNDLE_IDENTIFIER = com.hyuny.readyplaywork.uikit;
				PRODUCT_NAME = "$(TARGET_NAME)";
				PROVISIONING_PROFILE_SPECIFIER = "";
				"PROVISIONING_PROFILE_SPECIFIER[sdk=iphoneos*]" = ReadyPlayWorkUIKit;
				SWIFT_EMIT_LOC_STRINGS = YES;
				SWIFT_VERSION = 5.0;
				TARGETED_DEVICE_FAMILY = "1,2";
			};
			name = Release;
		};
		959999B92A4533CB00E8A7F1 /* Debug */ = {
			isa = XCBuildConfiguration;
			buildSettings = {
				ALWAYS_EMBED_SWIFT_STANDARD_LIBRARIES = YES;
				BUNDLE_LOADER = "$(TEST_HOST)";
				CODE_SIGN_STYLE = Automatic;
				CURRENT_PROJECT_VERSION = 1;
				DEVELOPMENT_TEAM = DK6C45N47N;
				GENERATE_INFOPLIST_FILE = YES;
				IPHONEOS_DEPLOYMENT_TARGET = 16.4;
				MARKETING_VERSION = 1.0;
				PRODUCT_BUNDLE_IDENTIFIER = com.hyun.readyplaywork.ReadyPlayWorkUIKitTests;
				PRODUCT_NAME = "$(TARGET_NAME)";
				SWIFT_EMIT_LOC_STRINGS = NO;
				SWIFT_VERSION = 5.0;
				TARGETED_DEVICE_FAMILY = "1,2";
				TEST_HOST = "$(BUILT_PRODUCTS_DIR)/ReadyPlayWorkUIKit.app/$(BUNDLE_EXECUTABLE_FOLDER_PATH)/ReadyPlayWorkUIKit";
			};
			name = Debug;
		};
		959999BA2A4533CB00E8A7F1 /* Release */ = {
			isa = XCBuildConfiguration;
			buildSettings = {
				ALWAYS_EMBED_SWIFT_STANDARD_LIBRARIES = YES;
				BUNDLE_LOADER = "$(TEST_HOST)";
				CODE_SIGN_STYLE = Automatic;
				CURRENT_PROJECT_VERSION = 1;
				DEVELOPMENT_TEAM = DK6C45N47N;
				GENERATE_INFOPLIST_FILE = YES;
				IPHONEOS_DEPLOYMENT_TARGET = 16.4;
				MARKETING_VERSION = 1.0;
				PRODUCT_BUNDLE_IDENTIFIER = com.hyun.readyplaywork.ReadyPlayWorkUIKitTests;
				PRODUCT_NAME = "$(TARGET_NAME)";
				SWIFT_EMIT_LOC_STRINGS = NO;
				SWIFT_VERSION = 5.0;
				TARGETED_DEVICE_FAMILY = "1,2";
				TEST_HOST = "$(BUILT_PRODUCTS_DIR)/ReadyPlayWorkUIKit.app/$(BUNDLE_EXECUTABLE_FOLDER_PATH)/ReadyPlayWorkUIKit";
			};
			name = Release;
		};
		959999BC2A4533CB00E8A7F1 /* Debug */ = {
			isa = XCBuildConfiguration;
			buildSettings = {
				ALWAYS_EMBED_SWIFT_STANDARD_LIBRARIES = YES;
				CODE_SIGN_STYLE = Automatic;
				CURRENT_PROJECT_VERSION = 1;
				DEVELOPMENT_TEAM = DK6C45N47N;
				GENERATE_INFOPLIST_FILE = YES;
				MARKETING_VERSION = 1.0;
				PRODUCT_BUNDLE_IDENTIFIER = com.hyun.readyplaywork.ReadyPlayWorkUIKitUITests;
				PRODUCT_NAME = "$(TARGET_NAME)";
				SWIFT_EMIT_LOC_STRINGS = NO;
				SWIFT_VERSION = 5.0;
				TARGETED_DEVICE_FAMILY = "1,2";
				TEST_TARGET_NAME = ReadyPlayWorkUIKit;
			};
			name = Debug;
		};
		959999BD2A4533CB00E8A7F1 /* Release */ = {
			isa = XCBuildConfiguration;
			buildSettings = {
				ALWAYS_EMBED_SWIFT_STANDARD_LIBRARIES = YES;
				CODE_SIGN_STYLE = Automatic;
				CURRENT_PROJECT_VERSION = 1;
				DEVELOPMENT_TEAM = DK6C45N47N;
				GENERATE_INFOPLIST_FILE = YES;
				MARKETING_VERSION = 1.0;
				PRODUCT_BUNDLE_IDENTIFIER = com.hyun.readyplaywork.ReadyPlayWorkUIKitUITests;
				PRODUCT_NAME = "$(TARGET_NAME)";
				SWIFT_EMIT_LOC_STRINGS = NO;
				SWIFT_VERSION = 5.0;
				TARGETED_DEVICE_FAMILY = "1,2";
				TEST_TARGET_NAME = ReadyPlayWorkUIKit;
			};
			name = Release;
		};
/* End XCBuildConfiguration section */

/* Begin XCConfigurationList section */
		959999862A4533CA00E8A7F1 /* Build configuration list for PBXProject "ReadyPlayWorkUIKit" */ = {
			isa = XCConfigurationList;
			buildConfigurations = (
				959999B32A4533CB00E8A7F1 /* Debug */,
				959999B42A4533CB00E8A7F1 /* Release */,
			);
			defaultConfigurationIsVisible = 0;
			defaultConfigurationName = Release;
		};
		959999B52A4533CB00E8A7F1 /* Build configuration list for PBXNativeTarget "ReadyPlayWorkUIKit" */ = {
			isa = XCConfigurationList;
			buildConfigurations = (
				959999B62A4533CB00E8A7F1 /* Debug */,
				959999B72A4533CB00E8A7F1 /* Release */,
			);
			defaultConfigurationIsVisible = 0;
			defaultConfigurationName = Release;
		};
		959999B82A4533CB00E8A7F1 /* Build configuration list for PBXNativeTarget "ReadyPlayWorkUIKitTests" */ = {
			isa = XCConfigurationList;
			buildConfigurations = (
				959999B92A4533CB00E8A7F1 /* Debug */,
				959999BA2A4533CB00E8A7F1 /* Release */,
			);
			defaultConfigurationIsVisible = 0;
			defaultConfigurationName = Release;
		};
		959999BB2A4533CB00E8A7F1 /* Build configuration list for PBXNativeTarget "ReadyPlayWorkUIKitUITests" */ = {
			isa = XCConfigurationList;
			buildConfigurations = (
				959999BC2A4533CB00E8A7F1 /* Debug */,
				959999BD2A4533CB00E8A7F1 /* Release */,
			);
			defaultConfigurationIsVisible = 0;
			defaultConfigurationName = Release;
		};
/* End XCConfigurationList section */

/* Begin XCRemoteSwiftPackageReference section */
		53C167F82B6D3E6700B2231C /* XCRemoteSwiftPackageReference "LevelOSLog" */ = {
			isa = XCRemoteSwiftPackageReference;
			repositoryURL = "https://github.com/HyunyKim/LevelOSLog.git";
			requirement = {
				branch = main;
				kind = branch;
			};
		};
/* End XCRemoteSwiftPackageReference section */

/* Begin XCSwiftPackageProductDependency section */
		53C167F92B6D3E6700B2231C /* LevelOSLog */ = {
			isa = XCSwiftPackageProductDependency;
			package = 53C167F82B6D3E6700B2231C /* XCRemoteSwiftPackageReference "LevelOSLog" */;
			productName = LevelOSLog;
		};
/* End XCSwiftPackageProductDependency section */
	};
	rootObject = 959999832A4533CA00E8A7F1 /* Project object */;
}
