// !$*UTF8*$!
{
	archiveVersion = 1;
	classes = {
	};
	objectVersion = 56;
	objects = {

/* Begin PBXBuildFile section */
		950714F82A45705A00AF913A /* NavigationModel.swift in Sources */ = {isa = PBXBuildFile; fileRef = 950714F72A45705A00AF913A /* NavigationModel.swift */; };
		950714FF2A458ABC00AF913A /* LineChartView.swift in Sources */ = {isa = PBXBuildFile; fileRef = 950714FE2A458ABC00AF913A /* LineChartView.swift */; };
		951AF08B2A5C0FF400F62AB2 /* TransactionLineChartView.swift in Sources */ = {isa = PBXBuildFile; fileRef = 951AF08A2A5C0FF400F62AB2 /* TransactionLineChartView.swift */; };
		951AF08E2A5C13B900F62AB2 /* Stock.swift in Sources */ = {isa = PBXBuildFile; fileRef = 951AF08D2A5C13B900F62AB2 /* Stock.swift */; };
		952A59542A667D930071B22B /* AlertSampleView.swift in Sources */ = {isa = PBXBuildFile; fileRef = 952A59532A667D930071B22B /* AlertSampleView.swift */; };
		954B82022A4AAFB200C1123E /* Study in Resources */ = {isa = PBXBuildFile; fileRef = 954B82012A4AAFB200C1123E /* Study */; };
		954B82052A4AC80600C1123E /* SceneStorageView.swift in Sources */ = {isa = PBXBuildFile; fileRef = 954B82042A4AC80600C1123E /* SceneStorageView.swift */; };
		956BF2C62B21C5B1007C0267 /* PhotosPickerSampleView.swift in Sources */ = {isa = PBXBuildFile; fileRef = 956BF2C52B21C5B1007C0267 /* PhotosPickerSampleView.swift */; };
		956BF2C82B21DE8C007C0267 /* PhotosPickerViewModel.swift in Sources */ = {isa = PBXBuildFile; fileRef = 956BF2C72B21DE8C007C0267 /* PhotosPickerViewModel.swift */; };
		9576A8742A5698FE009F81AE /* TransactionBarChartView.swift in Sources */ = {isa = PBXBuildFile; fileRef = 9576A8732A5698FE009F81AE /* TransactionBarChartView.swift */; };
		95936C652A4BFDC100BC0595 /* Extension.swift in Sources */ = {isa = PBXBuildFile; fileRef = 95936C642A4BFDC100BC0595 /* Extension.swift */; };
		95936C672A4C003400BC0595 /* StateView.swift in Sources */ = {isa = PBXBuildFile; fileRef = 95936C662A4C003400BC0595 /* StateView.swift */; };
		95936C692A4C286A00BC0595 /* AppStorageView.swift in Sources */ = {isa = PBXBuildFile; fileRef = 95936C682A4C286A00BC0595 /* AppStorageView.swift */; };
		959ACFA92A5FFAAA00953DCD /* PieChartView.swift in Sources */ = {isa = PBXBuildFile; fileRef = 959ACFA82A5FFAAA00953DCD /* PieChartView.swift */; };
		959ACFAB2A60014300953DCD /* TransactionPieChartView.swift in Sources */ = {isa = PBXBuildFile; fileRef = 959ACFAA2A60014300953DCD /* TransactionPieChartView.swift */; };
		95ADA3A42A57FA80001F1568 /* DefaultChartView.swift in Sources */ = {isa = PBXBuildFile; fileRef = 95ADA3A32A57FA80001F1568 /* DefaultChartView.swift */; };
		95B31E562A5E97B800AE6DC7 /* ChartMagnificationGestureProtocol.swift in Sources */ = {isa = PBXBuildFile; fileRef = 95B31E552A5E97B800AE6DC7 /* ChartMagnificationGestureProtocol.swift */; };
		95B4EBCF2A45310C00328C23 /* ReadyPlayWorkApp.swift in Sources */ = {isa = PBXBuildFile; fileRef = 95B4EBCE2A45310C00328C23 /* ReadyPlayWorkApp.swift */; };
		95B4EBD12A45310C00328C23 /* ContentView.swift in Sources */ = {isa = PBXBuildFile; fileRef = 95B4EBD02A45310C00328C23 /* ContentView.swift */; };
		95B4EBD32A45310D00328C23 /* Assets.xcassets in Resources */ = {isa = PBXBuildFile; fileRef = 95B4EBD22A45310D00328C23 /* Assets.xcassets */; };
		95B4EBD72A45310D00328C23 /* Preview Assets.xcassets in Resources */ = {isa = PBXBuildFile; fileRef = 95B4EBD62A45310D00328C23 /* Preview Assets.xcassets */; };
		95B4EBE12A45310D00328C23 /* ReadyPlayWorkTests.swift in Sources */ = {isa = PBXBuildFile; fileRef = 95B4EBE02A45310D00328C23 /* ReadyPlayWorkTests.swift */; };
		95B4EBEB2A45310D00328C23 /* ReadyPlayWorkUITests.swift in Sources */ = {isa = PBXBuildFile; fileRef = 95B4EBEA2A45310D00328C23 /* ReadyPlayWorkUITests.swift */; };
		95B4EBED2A45310D00328C23 /* ReadyPlayWorkUITestsLaunchTests.swift in Sources */ = {isa = PBXBuildFile; fileRef = 95B4EBEC2A45310D00328C23 /* ReadyPlayWorkUITestsLaunchTests.swift */; };
		95BA210D2A4D5B3E008F522C /* RadarChartView.swift in Sources */ = {isa = PBXBuildFile; fileRef = 95BA210B2A4D5AA2008F522C /* RadarChartView.swift */; };
		95BA210F2A4D5F11008F522C /* TransactionRadarChartView.swift in Sources */ = {isa = PBXBuildFile; fileRef = 95BA210E2A4D5F11008F522C /* TransactionRadarChartView.swift */; };
		95BA21122A4D5FDE008F522C /* DGCharts in Frameworks */ = {isa = PBXBuildFile; productRef = 95BA21112A4D5FDE008F522C /* DGCharts */; };
		95BA21152A4D6314008F522C /* Transaction.swift in Sources */ = {isa = PBXBuildFile; fileRef = 95BA21142A4D6314008F522C /* Transaction.swift */; };
		95D12CF82B171C0C00F92B86 /* ToastSampleView.swift in Sources */ = {isa = PBXBuildFile; fileRef = 95D12CF72B171C0C00F92B86 /* ToastSampleView.swift */; };
		95D12CFA2B1742E700F92B86 /* PhotoSampleView.swift in Sources */ = {isa = PBXBuildFile; fileRef = 95D12CF92B1742E700F92B86 /* PhotoSampleView.swift */; };
		95D7C57F2B188BFA00375EFB /* ToastContainerView.swift in Sources */ = {isa = PBXBuildFile; fileRef = 95D7C57E2B188BFA00375EFB /* ToastContainerView.swift */; };
		95F63DE92A499FC2003C78E2 /* BarChartView.swift in Sources */ = {isa = PBXBuildFile; fileRef = 95F63DE82A499FC2003C78E2 /* BarChartView.swift */; };
/* End PBXBuildFile section */

/* Begin PBXContainerItemProxy section */
		95B4EBDD2A45310D00328C23 /* PBXContainerItemProxy */ = {
			isa = PBXContainerItemProxy;
			containerPortal = 95B4EBC32A45310C00328C23 /* Project object */;
			proxyType = 1;
			remoteGlobalIDString = 95B4EBCA2A45310C00328C23;
			remoteInfo = ReadyPlayWork;
		};
		95B4EBE72A45310D00328C23 /* PBXContainerItemProxy */ = {
			isa = PBXContainerItemProxy;
			containerPortal = 95B4EBC32A45310C00328C23 /* Project object */;
			proxyType = 1;
			remoteGlobalIDString = 95B4EBCA2A45310C00328C23;
			remoteInfo = ReadyPlayWork;
		};
/* End PBXContainerItemProxy section */

/* Begin PBXFileReference section */
		950714F72A45705A00AF913A /* NavigationModel.swift */ = {isa = PBXFileReference; lastKnownFileType = sourcecode.swift; path = NavigationModel.swift; sourceTree = "<group>"; };
		950714FE2A458ABC00AF913A /* LineChartView.swift */ = {isa = PBXFileReference; lastKnownFileType = sourcecode.swift; path = LineChartView.swift; sourceTree = "<group>"; };
		951AF08A2A5C0FF400F62AB2 /* TransactionLineChartView.swift */ = {isa = PBXFileReference; lastKnownFileType = sourcecode.swift; path = TransactionLineChartView.swift; sourceTree = "<group>"; };
		951AF08D2A5C13B900F62AB2 /* Stock.swift */ = {isa = PBXFileReference; lastKnownFileType = sourcecode.swift; path = Stock.swift; sourceTree = "<group>"; };
		952A59532A667D930071B22B /* AlertSampleView.swift */ = {isa = PBXFileReference; lastKnownFileType = sourcecode.swift; path = AlertSampleView.swift; sourceTree = "<group>"; };
		954B82012A4AAFB200C1123E /* Study */ = {isa = PBXFileReference; lastKnownFileType = folder; path = Study; sourceTree = "<group>"; };
		954B82042A4AC80600C1123E /* SceneStorageView.swift */ = {isa = PBXFileReference; lastKnownFileType = sourcecode.swift; path = SceneStorageView.swift; sourceTree = "<group>"; };
		956BF2C52B21C5B1007C0267 /* PhotosPickerSampleView.swift */ = {isa = PBXFileReference; lastKnownFileType = sourcecode.swift; path = PhotosPickerSampleView.swift; sourceTree = "<group>"; };
		956BF2C72B21DE8C007C0267 /* PhotosPickerViewModel.swift */ = {isa = PBXFileReference; lastKnownFileType = sourcecode.swift; path = PhotosPickerViewModel.swift; sourceTree = "<group>"; };
		9576A8732A5698FE009F81AE /* TransactionBarChartView.swift */ = {isa = PBXFileReference; lastKnownFileType = sourcecode.swift; path = TransactionBarChartView.swift; sourceTree = "<group>"; };
		95936C642A4BFDC100BC0595 /* Extension.swift */ = {isa = PBXFileReference; lastKnownFileType = sourcecode.swift; path = Extension.swift; sourceTree = "<group>"; };
		95936C662A4C003400BC0595 /* StateView.swift */ = {isa = PBXFileReference; lastKnownFileType = sourcecode.swift; path = StateView.swift; sourceTree = "<group>"; };
		95936C682A4C286A00BC0595 /* AppStorageView.swift */ = {isa = PBXFileReference; lastKnownFileType = sourcecode.swift; path = AppStorageView.swift; sourceTree = "<group>"; };
		959ACFA82A5FFAAA00953DCD /* PieChartView.swift */ = {isa = PBXFileReference; lastKnownFileType = sourcecode.swift; path = PieChartView.swift; sourceTree = "<group>"; };
		959ACFAA2A60014300953DCD /* TransactionPieChartView.swift */ = {isa = PBXFileReference; lastKnownFileType = sourcecode.swift; path = TransactionPieChartView.swift; sourceTree = "<group>"; };
		95ADA3A32A57FA80001F1568 /* DefaultChartView.swift */ = {isa = PBXFileReference; lastKnownFileType = sourcecode.swift; path = DefaultChartView.swift; sourceTree = "<group>"; };
		95B31E552A5E97B800AE6DC7 /* ChartMagnificationGestureProtocol.swift */ = {isa = PBXFileReference; lastKnownFileType = sourcecode.swift; path = ChartMagnificationGestureProtocol.swift; sourceTree = "<group>"; };
		95B4EBCB2A45310C00328C23 /* ReadyPlayWork.app */ = {isa = PBXFileReference; explicitFileType = wrapper.application; includeInIndex = 0; path = ReadyPlayWork.app; sourceTree = BUILT_PRODUCTS_DIR; };
		95B4EBCE2A45310C00328C23 /* ReadyPlayWorkApp.swift */ = {isa = PBXFileReference; lastKnownFileType = sourcecode.swift; path = ReadyPlayWorkApp.swift; sourceTree = "<group>"; };
		95B4EBD02A45310C00328C23 /* ContentView.swift */ = {isa = PBXFileReference; lastKnownFileType = sourcecode.swift; path = ContentView.swift; sourceTree = "<group>"; };
		95B4EBD22A45310D00328C23 /* Assets.xcassets */ = {isa = PBXFileReference; lastKnownFileType = folder.assetcatalog; path = Assets.xcassets; sourceTree = "<group>"; };
		95B4EBD42A45310D00328C23 /* ReadyPlayWork.entitlements */ = {isa = PBXFileReference; lastKnownFileType = text.plist.entitlements; path = ReadyPlayWork.entitlements; sourceTree = "<group>"; };
		95B4EBD62A45310D00328C23 /* Preview Assets.xcassets */ = {isa = PBXFileReference; lastKnownFileType = folder.assetcatalog; path = "Preview Assets.xcassets"; sourceTree = "<group>"; };
		95B4EBDC2A45310D00328C23 /* ReadyPlayWorkTests.xctest */ = {isa = PBXFileReference; explicitFileType = wrapper.cfbundle; includeInIndex = 0; path = ReadyPlayWorkTests.xctest; sourceTree = BUILT_PRODUCTS_DIR; };
		95B4EBE02A45310D00328C23 /* ReadyPlayWorkTests.swift */ = {isa = PBXFileReference; lastKnownFileType = sourcecode.swift; path = ReadyPlayWorkTests.swift; sourceTree = "<group>"; };
		95B4EBE62A45310D00328C23 /* ReadyPlayWorkUITests.xctest */ = {isa = PBXFileReference; explicitFileType = wrapper.cfbundle; includeInIndex = 0; path = ReadyPlayWorkUITests.xctest; sourceTree = BUILT_PRODUCTS_DIR; };
		95B4EBEA2A45310D00328C23 /* ReadyPlayWorkUITests.swift */ = {isa = PBXFileReference; lastKnownFileType = sourcecode.swift; path = ReadyPlayWorkUITests.swift; sourceTree = "<group>"; };
		95B4EBEC2A45310D00328C23 /* ReadyPlayWorkUITestsLaunchTests.swift */ = {isa = PBXFileReference; lastKnownFileType = sourcecode.swift; path = ReadyPlayWorkUITestsLaunchTests.swift; sourceTree = "<group>"; };
		95BA210B2A4D5AA2008F522C /* RadarChartView.swift */ = {isa = PBXFileReference; lastKnownFileType = sourcecode.swift; path = RadarChartView.swift; sourceTree = "<group>"; };
		95BA210E2A4D5F11008F522C /* TransactionRadarChartView.swift */ = {isa = PBXFileReference; lastKnownFileType = sourcecode.swift; path = TransactionRadarChartView.swift; sourceTree = "<group>"; };
		95BA21142A4D6314008F522C /* Transaction.swift */ = {isa = PBXFileReference; lastKnownFileType = sourcecode.swift; path = Transaction.swift; sourceTree = "<group>"; };
		95D12CF72B171C0C00F92B86 /* ToastSampleView.swift */ = {isa = PBXFileReference; lastKnownFileType = sourcecode.swift; path = ToastSampleView.swift; sourceTree = "<group>"; };
		95D12CF92B1742E700F92B86 /* PhotoSampleView.swift */ = {isa = PBXFileReference; lastKnownFileType = sourcecode.swift; path = PhotoSampleView.swift; sourceTree = "<group>"; };
		95D7C57E2B188BFA00375EFB /* ToastContainerView.swift */ = {isa = PBXFileReference; lastKnownFileType = sourcecode.swift; path = ToastContainerView.swift; sourceTree = "<group>"; };
		95D84C472B231E8100BAD496 /* Info.plist */ = {isa = PBXFileReference; lastKnownFileType = text.plist; path = Info.plist; sourceTree = "<group>"; };
		95F63DE82A499FC2003C78E2 /* BarChartView.swift */ = {isa = PBXFileReference; lastKnownFileType = sourcecode.swift; path = BarChartView.swift; sourceTree = "<group>"; };
/* End PBXFileReference section */

/* Begin PBXFrameworksBuildPhase section */
		95B4EBC82A45310C00328C23 /* Frameworks */ = {
			isa = PBXFrameworksBuildPhase;
			buildActionMask = 2147483647;
			files = (
				95BA21122A4D5FDE008F522C /* DGCharts in Frameworks */,
			);
			runOnlyForDeploymentPostprocessing = 0;
		};
		95B4EBD92A45310D00328C23 /* Frameworks */ = {
			isa = PBXFrameworksBuildPhase;
			buildActionMask = 2147483647;
			files = (
			);
			runOnlyForDeploymentPostprocessing = 0;
		};
		95B4EBE32A45310D00328C23 /* Frameworks */ = {
			isa = PBXFrameworksBuildPhase;
			buildActionMask = 2147483647;
			files = (
			);
			runOnlyForDeploymentPostprocessing = 0;
		};
/* End PBXFrameworksBuildPhase section */

/* Begin PBXGroup section */
		950714F62A45704100AF913A /* MainList */ = {
			isa = PBXGroup;
			children = (
				95B4EBD02A45310C00328C23 /* ContentView.swift */,
				950714F72A45705A00AF913A /* NavigationModel.swift */,
			);
			path = MainList;
			sourceTree = "<group>";
		};
		950714F92A458A8E00AF913A /* Views */ = {
			isa = PBXGroup;
			children = (
				95592FE62A97444000FE80A3 /* Utility */,
				954B82032A4AC7F000C1123E /* Property */,
				950714FA2A458A9500AF913A /* Chart */,
				95ADA3A22A57F872001F1568 /* Chart_SwiftUI */,
				950714FB2A458A9E00AF913A /* Component */,
			);
			path = Views;
			sourceTree = "<group>";
		};
		950714FA2A458A9500AF913A /* Chart */ = {
			isa = PBXGroup;
			children = (
				9576A8722A5698D1009F81AE /* UIViewRepresentable */,
				95BA21132A4D62F9008F522C /* TransactionDatas */,
				95ADA3A32A57FA80001F1568 /* DefaultChartView.swift */,
			);
			path = Chart;
			sourceTree = "<group>";
		};
		950714FB2A458A9E00AF913A /* Component */ = {
			isa = PBXGroup;
			children = (
				956BF2C42B21C59D007C0267 /* PhotoPicker */,
				956BF2C12B218084007C0267 /* Toast */,
				952A59532A667D930071B22B /* AlertSampleView.swift */,
				95D12CF72B171C0C00F92B86 /* ToastSampleView.swift */,
				95D7C57E2B188BFA00375EFB /* ToastContainerView.swift */,
			);
			path = Component;
			sourceTree = "<group>";
		};
		951AF08C2A5C13A200F62AB2 /* ChartModels */ = {
			isa = PBXGroup;
			children = (
				951AF08D2A5C13B900F62AB2 /* Stock.swift */,
			);
			path = ChartModels;
			sourceTree = "<group>";
		};
		954B82032A4AC7F000C1123E /* Property */ = {
			isa = PBXGroup;
			children = (
				95936C662A4C003400BC0595 /* StateView.swift */,
				954B82042A4AC80600C1123E /* SceneStorageView.swift */,
				95936C682A4C286A00BC0595 /* AppStorageView.swift */,
			);
			path = Property;
			sourceTree = "<group>";
		};
		95592FE62A97444000FE80A3 /* Utility */ = {
			isa = PBXGroup;
			children = (
				95D12CF92B1742E700F92B86 /* PhotoSampleView.swift */,
			);
			path = Utility;
			sourceTree = "<group>";
		};
		956BF2C12B218084007C0267 /* Toast */ = {
			isa = PBXGroup;
			children = (
			);
			path = Toast;
			sourceTree = "<group>";
		};
		956BF2C42B21C59D007C0267 /* PhotoPicker */ = {
			isa = PBXGroup;
			children = (
				956BF2C72B21DE8C007C0267 /* PhotosPickerViewModel.swift */,
				956BF2C52B21C5B1007C0267 /* PhotosPickerSampleView.swift */,
			);
			path = PhotoPicker;
			sourceTree = "<group>";
		};
		9576A8722A5698D1009F81AE /* UIViewRepresentable */ = {
			isa = PBXGroup;
			children = (
				95BA210E2A4D5F11008F522C /* TransactionRadarChartView.swift */,
				959ACFAA2A60014300953DCD /* TransactionPieChartView.swift */,
				9576A8732A5698FE009F81AE /* TransactionBarChartView.swift */,
				951AF08A2A5C0FF400F62AB2 /* TransactionLineChartView.swift */,
			);
			path = UIViewRepresentable;
			sourceTree = "<group>";
		};
		95936C632A4BFDA400BC0595 /* Common */ = {
			isa = PBXGroup;
			children = (
				95936C642A4BFDC100BC0595 /* Extension.swift */,
			);
			name = Common;
			sourceTree = "<group>";
		};
		95ADA3A22A57F872001F1568 /* Chart_SwiftUI */ = {
			isa = PBXGroup;
			children = (
				951AF08C2A5C13A200F62AB2 /* ChartModels */,
				950714FE2A458ABC00AF913A /* LineChartView.swift */,
				95BA210B2A4D5AA2008F522C /* RadarChartView.swift */,
				95F63DE82A499FC2003C78E2 /* BarChartView.swift */,
				95B31E552A5E97B800AE6DC7 /* ChartMagnificationGestureProtocol.swift */,
				959ACFA82A5FFAAA00953DCD /* PieChartView.swift */,
			);
			path = Chart_SwiftUI;
			sourceTree = "<group>";
		};
		95B4EBC22A45310C00328C23 = {
			isa = PBXGroup;
			children = (
				95B4EBCD2A45310C00328C23 /* ReadyPlayWork */,
				95B4EBDF2A45310D00328C23 /* ReadyPlayWorkTests */,
				95B4EBE92A45310D00328C23 /* ReadyPlayWorkUITests */,
				95B4EBCC2A45310C00328C23 /* Products */,
				95BA21102A4D5FDE008F522C /* Frameworks */,
			);
			sourceTree = "<group>";
		};
		95B4EBCC2A45310C00328C23 /* Products */ = {
			isa = PBXGroup;
			children = (
				95B4EBCB2A45310C00328C23 /* ReadyPlayWork.app */,
				95B4EBDC2A45310D00328C23 /* ReadyPlayWorkTests.xctest */,
				95B4EBE62A45310D00328C23 /* ReadyPlayWorkUITests.xctest */,
			);
			name = Products;
			sourceTree = "<group>";
		};
		95B4EBCD2A45310C00328C23 /* ReadyPlayWork */ = {
			isa = PBXGroup;
			children = (
				95D84C472B231E8100BAD496 /* Info.plist */,
				95936C632A4BFDA400BC0595 /* Common */,
				954B82012A4AAFB200C1123E /* Study */,
				950714F92A458A8E00AF913A /* Views */,
				950714F62A45704100AF913A /* MainList */,
				95B4EBCE2A45310C00328C23 /* ReadyPlayWorkApp.swift */,
				95B4EBD22A45310D00328C23 /* Assets.xcassets */,
				95B4EBD42A45310D00328C23 /* ReadyPlayWork.entitlements */,
				95B4EBD52A45310D00328C23 /* Preview Content */,
			);
			path = ReadyPlayWork;
			sourceTree = "<group>";
		};
		95B4EBD52A45310D00328C23 /* Preview Content */ = {
			isa = PBXGroup;
			children = (
				95B4EBD62A45310D00328C23 /* Preview Assets.xcassets */,
			);
			path = "Preview Content";
			sourceTree = "<group>";
		};
		95B4EBDF2A45310D00328C23 /* ReadyPlayWorkTests */ = {
			isa = PBXGroup;
			children = (
				95B4EBE02A45310D00328C23 /* ReadyPlayWorkTests.swift */,
			);
			path = ReadyPlayWorkTests;
			sourceTree = "<group>";
		};
		95B4EBE92A45310D00328C23 /* ReadyPlayWorkUITests */ = {
			isa = PBXGroup;
			children = (
				95B4EBEA2A45310D00328C23 /* ReadyPlayWorkUITests.swift */,
				95B4EBEC2A45310D00328C23 /* ReadyPlayWorkUITestsLaunchTests.swift */,
			);
			path = ReadyPlayWorkUITests;
			sourceTree = "<group>";
		};
		95BA21102A4D5FDE008F522C /* Frameworks */ = {
			isa = PBXGroup;
			children = (
			);
			name = Frameworks;
			sourceTree = "<group>";
		};
		95BA21132A4D62F9008F522C /* TransactionDatas */ = {
			isa = PBXGroup;
			children = (
				95BA21142A4D6314008F522C /* Transaction.swift */,
			);
			path = TransactionDatas;
			sourceTree = "<group>";
		};
/* End PBXGroup section */

/* Begin PBXNativeTarget section */
		95B4EBCA2A45310C00328C23 /* ReadyPlayWork */ = {
			isa = PBXNativeTarget;
			buildConfigurationList = 95B4EBF02A45310D00328C23 /* Build configuration list for PBXNativeTarget "ReadyPlayWork" */;
			buildPhases = (
				95B4EBC72A45310C00328C23 /* Sources */,
				95B4EBC82A45310C00328C23 /* Frameworks */,
				95B4EBC92A45310C00328C23 /* Resources */,
			);
			buildRules = (
			);
			dependencies = (
			);
			name = ReadyPlayWork;
			packageProductDependencies = (
				95BA21112A4D5FDE008F522C /* DGCharts */,
			);
			productName = ReadyPlayWork;
			productReference = 95B4EBCB2A45310C00328C23 /* ReadyPlayWork.app */;
			productType = "com.apple.product-type.application";
		};
		95B4EBDB2A45310D00328C23 /* ReadyPlayWorkTests */ = {
			isa = PBXNativeTarget;
			buildConfigurationList = 95B4EBF32A45310D00328C23 /* Build configuration list for PBXNativeTarget "ReadyPlayWorkTests" */;
			buildPhases = (
				95B4EBD82A45310D00328C23 /* Sources */,
				95B4EBD92A45310D00328C23 /* Frameworks */,
				95B4EBDA2A45310D00328C23 /* Resources */,
			);
			buildRules = (
			);
			dependencies = (
				95B4EBDE2A45310D00328C23 /* PBXTargetDependency */,
			);
			name = ReadyPlayWorkTests;
			productName = ReadyPlayWorkTests;
			productReference = 95B4EBDC2A45310D00328C23 /* ReadyPlayWorkTests.xctest */;
			productType = "com.apple.product-type.bundle.unit-test";
		};
		95B4EBE52A45310D00328C23 /* ReadyPlayWorkUITests */ = {
			isa = PBXNativeTarget;
			buildConfigurationList = 95B4EBF62A45310D00328C23 /* Build configuration list for PBXNativeTarget "ReadyPlayWorkUITests" */;
			buildPhases = (
				95B4EBE22A45310D00328C23 /* Sources */,
				95B4EBE32A45310D00328C23 /* Frameworks */,
				95B4EBE42A45310D00328C23 /* Resources */,
			);
			buildRules = (
			);
			dependencies = (
				95B4EBE82A45310D00328C23 /* PBXTargetDependency */,
			);
			name = ReadyPlayWorkUITests;
			productName = ReadyPlayWorkUITests;
			productReference = 95B4EBE62A45310D00328C23 /* ReadyPlayWorkUITests.xctest */;
			productType = "com.apple.product-type.bundle.ui-testing";
		};
/* End PBXNativeTarget section */

/* Begin PBXProject section */
		95B4EBC32A45310C00328C23 /* Project object */ = {
			isa = PBXProject;
			attributes = {
				BuildIndependentTargetsInParallel = 1;
				LastSwiftUpdateCheck = 1430;
				LastUpgradeCheck = 1430;
				TargetAttributes = {
					95B4EBCA2A45310C00328C23 = {
						CreatedOnToolsVersion = 14.3;
					};
					95B4EBDB2A45310D00328C23 = {
						CreatedOnToolsVersion = 14.3;
						TestTargetID = 95B4EBCA2A45310C00328C23;
					};
					95B4EBE52A45310D00328C23 = {
						CreatedOnToolsVersion = 14.3;
						TestTargetID = 95B4EBCA2A45310C00328C23;
					};
				};
			};
			buildConfigurationList = 95B4EBC62A45310C00328C23 /* Build configuration list for PBXProject "ReadyPlayWork" */;
			compatibilityVersion = "Xcode 14.0";
			developmentRegion = en;
			hasScannedForEncodings = 0;
			knownRegions = (
				en,
				Base,
			);
			mainGroup = 95B4EBC22A45310C00328C23;
			packageReferences = (
				95BA210A2A4D5A46008F522C /* XCRemoteSwiftPackageReference "Charts" */,
			);
			productRefGroup = 95B4EBCC2A45310C00328C23 /* Products */;
			projectDirPath = "";
			projectRoot = "";
			targets = (
				95B4EBCA2A45310C00328C23 /* ReadyPlayWork */,
				95B4EBDB2A45310D00328C23 /* ReadyPlayWorkTests */,
				95B4EBE52A45310D00328C23 /* ReadyPlayWorkUITests */,
			);
		};
/* End PBXProject section */

/* Begin PBXResourcesBuildPhase section */
		95B4EBC92A45310C00328C23 /* Resources */ = {
			isa = PBXResourcesBuildPhase;
			buildActionMask = 2147483647;
			files = (
				954B82022A4AAFB200C1123E /* Study in Resources */,
				95B4EBD72A45310D00328C23 /* Preview Assets.xcassets in Resources */,
				95B4EBD32A45310D00328C23 /* Assets.xcassets in Resources */,
			);
			runOnlyForDeploymentPostprocessing = 0;
		};
		95B4EBDA2A45310D00328C23 /* Resources */ = {
			isa = PBXResourcesBuildPhase;
			buildActionMask = 2147483647;
			files = (
			);
			runOnlyForDeploymentPostprocessing = 0;
		};
		95B4EBE42A45310D00328C23 /* Resources */ = {
			isa = PBXResourcesBuildPhase;
			buildActionMask = 2147483647;
			files = (
			);
			runOnlyForDeploymentPostprocessing = 0;
		};
/* End PBXResourcesBuildPhase section */

/* Begin PBXSourcesBuildPhase section */
		95B4EBC72A45310C00328C23 /* Sources */ = {
			isa = PBXSourcesBuildPhase;
			buildActionMask = 2147483647;
			files = (
				959ACFA92A5FFAAA00953DCD /* PieChartView.swift in Sources */,
				950714FF2A458ABC00AF913A /* LineChartView.swift in Sources */,
				951AF08B2A5C0FF400F62AB2 /* TransactionLineChartView.swift in Sources */,
				95D12CFA2B1742E700F92B86 /* PhotoSampleView.swift in Sources */,
				95B4EBD12A45310C00328C23 /* ContentView.swift in Sources */,
				95BA21152A4D6314008F522C /* Transaction.swift in Sources */,
				952A59542A667D930071B22B /* AlertSampleView.swift in Sources */,
				95936C652A4BFDC100BC0595 /* Extension.swift in Sources */,
				959ACFAB2A60014300953DCD /* TransactionPieChartView.swift in Sources */,
				95936C692A4C286A00BC0595 /* AppStorageView.swift in Sources */,
				95ADA3A42A57FA80001F1568 /* DefaultChartView.swift in Sources */,
				95F63DE92A499FC2003C78E2 /* BarChartView.swift in Sources */,
				95B4EBCF2A45310C00328C23 /* ReadyPlayWorkApp.swift in Sources */,
				9576A8742A5698FE009F81AE /* TransactionBarChartView.swift in Sources */,
				95D12CF82B171C0C00F92B86 /* ToastSampleView.swift in Sources */,
				95D7C57F2B188BFA00375EFB /* ToastContainerView.swift in Sources */,
				951AF08E2A5C13B900F62AB2 /* Stock.swift in Sources */,
				954B82052A4AC80600C1123E /* SceneStorageView.swift in Sources */,
				95BA210D2A4D5B3E008F522C /* RadarChartView.swift in Sources */,
				956BF2C62B21C5B1007C0267 /* PhotosPickerSampleView.swift in Sources */,
				956BF2C82B21DE8C007C0267 /* PhotosPickerViewModel.swift in Sources */,
				95936C672A4C003400BC0595 /* StateView.swift in Sources */,
				950714F82A45705A00AF913A /* NavigationModel.swift in Sources */,
				95BA210F2A4D5F11008F522C /* TransactionRadarChartView.swift in Sources */,
				95B31E562A5E97B800AE6DC7 /* ChartMagnificationGestureProtocol.swift in Sources */,
			);
			runOnlyForDeploymentPostprocessing = 0;
		};
		95B4EBD82A45310D00328C23 /* Sources */ = {
			isa = PBXSourcesBuildPhase;
			buildActionMask = 2147483647;
			files = (
				95B4EBE12A45310D00328C23 /* ReadyPlayWorkTests.swift in Sources */,
			);
			runOnlyForDeploymentPostprocessing = 0;
		};
		95B4EBE22A45310D00328C23 /* Sources */ = {
			isa = PBXSourcesBuildPhase;
			buildActionMask = 2147483647;
			files = (
				95B4EBEB2A45310D00328C23 /* ReadyPlayWorkUITests.swift in Sources */,
				95B4EBED2A45310D00328C23 /* ReadyPlayWorkUITestsLaunchTests.swift in Sources */,
			);
			runOnlyForDeploymentPostprocessing = 0;
		};
/* End PBXSourcesBuildPhase section */

/* Begin PBXTargetDependency section */
		95B4EBDE2A45310D00328C23 /* PBXTargetDependency */ = {
			isa = PBXTargetDependency;
			target = 95B4EBCA2A45310C00328C23 /* ReadyPlayWork */;
			targetProxy = 95B4EBDD2A45310D00328C23 /* PBXContainerItemProxy */;
		};
		95B4EBE82A45310D00328C23 /* PBXTargetDependency */ = {
			isa = PBXTargetDependency;
			target = 95B4EBCA2A45310C00328C23 /* ReadyPlayWork */;
			targetProxy = 95B4EBE72A45310D00328C23 /* PBXContainerItemProxy */;
		};
/* End PBXTargetDependency section */

/* Begin XCBuildConfiguration section */
		95B4EBEE2A45310D00328C23 /* Debug */ = {
			isa = XCBuildConfiguration;
			buildSettings = {
				ALWAYS_SEARCH_USER_PATHS = NO;
				CLANG_ANALYZER_NONNULL = YES;
				CLANG_ANALYZER_NUMBER_OBJECT_CONVERSION = YES_AGGRESSIVE;
				CLANG_CXX_LANGUAGE_STANDARD = "gnu++20";
				CLANG_ENABLE_MODULES = YES;
				CLANG_ENABLE_OBJC_ARC = YES;
				CLANG_ENABLE_OBJC_WEAK = YES;
				CLANG_WARN_BLOCK_CAPTURE_AUTORELEASING = YES;
				CLANG_WARN_BOOL_CONVERSION = YES;
				CLANG_WARN_COMMA = YES;
				CLANG_WARN_CONSTANT_CONVERSION = YES;
				CLANG_WARN_DEPRECATED_OBJC_IMPLEMENTATIONS = YES;
				CLANG_WARN_DIRECT_OBJC_ISA_USAGE = YES_ERROR;
				CLANG_WARN_DOCUMENTATION_COMMENTS = YES;
				CLANG_WARN_EMPTY_BODY = YES;
				CLANG_WARN_ENUM_CONVERSION = YES;
				CLANG_WARN_INFINITE_RECURSION = YES;
				CLANG_WARN_INT_CONVERSION = YES;
				CLANG_WARN_NON_LITERAL_NULL_CONVERSION = YES;
				CLANG_WARN_OBJC_IMPLICIT_RETAIN_SELF = YES;
				CLANG_WARN_OBJC_LITERAL_CONVERSION = YES;
				CLANG_WARN_OBJC_ROOT_CLASS = YES_ERROR;
				CLANG_WARN_QUOTED_INCLUDE_IN_FRAMEWORK_HEADER = YES;
				CLANG_WARN_RANGE_LOOP_ANALYSIS = YES;
				CLANG_WARN_STRICT_PROTOTYPES = YES;
				CLANG_WARN_SUSPICIOUS_MOVE = YES;
				CLANG_WARN_UNGUARDED_AVAILABILITY = YES_AGGRESSIVE;
				CLANG_WARN_UNREACHABLE_CODE = YES;
				CLANG_WARN__DUPLICATE_METHOD_MATCH = YES;
				COPY_PHASE_STRIP = NO;
				DEBUG_INFORMATION_FORMAT = dwarf;
				ENABLE_STRICT_OBJC_MSGSEND = YES;
				ENABLE_TESTABILITY = YES;
				GCC_C_LANGUAGE_STANDARD = gnu11;
				GCC_DYNAMIC_NO_PIC = NO;
				GCC_NO_COMMON_BLOCKS = YES;
				GCC_OPTIMIZATION_LEVEL = 0;
				GCC_PREPROCESSOR_DEFINITIONS = (
					"DEBUG=1",
					"$(inherited)",
				);
				GCC_WARN_64_TO_32_BIT_CONVERSION = YES;
				GCC_WARN_ABOUT_RETURN_TYPE = YES_ERROR;
				GCC_WARN_UNDECLARED_SELECTOR = YES;
				GCC_WARN_UNINITIALIZED_AUTOS = YES_AGGRESSIVE;
				GCC_WARN_UNUSED_FUNCTION = YES;
				GCC_WARN_UNUSED_VARIABLE = YES;
				MTL_ENABLE_DEBUG_INFO = INCLUDE_SOURCE;
				MTL_FAST_MATH = YES;
				ONLY_ACTIVE_ARCH = YES;
				SWIFT_ACTIVE_COMPILATION_CONDITIONS = DEBUG;
				SWIFT_OPTIMIZATION_LEVEL = "-Onone";
			};
			name = Debug;
		};
		95B4EBEF2A45310D00328C23 /* Release */ = {
			isa = XCBuildConfiguration;
			buildSettings = {
				ALWAYS_SEARCH_USER_PATHS = NO;
				CLANG_ANALYZER_NONNULL = YES;
				CLANG_ANALYZER_NUMBER_OBJECT_CONVERSION = YES_AGGRESSIVE;
				CLANG_CXX_LANGUAGE_STANDARD = "gnu++20";
				CLANG_ENABLE_MODULES = YES;
				CLANG_ENABLE_OBJC_ARC = YES;
				CLANG_ENABLE_OBJC_WEAK = YES;
				CLANG_WARN_BLOCK_CAPTURE_AUTORELEASING = YES;
				CLANG_WARN_BOOL_CONVERSION = YES;
				CLANG_WARN_COMMA = YES;
				CLANG_WARN_CONSTANT_CONVERSION = YES;
				CLANG_WARN_DEPRECATED_OBJC_IMPLEMENTATIONS = YES;
				CLANG_WARN_DIRECT_OBJC_ISA_USAGE = YES_ERROR;
				CLANG_WARN_DOCUMENTATION_COMMENTS = YES;
				CLANG_WARN_EMPTY_BODY = YES;
				CLANG_WARN_ENUM_CONVERSION = YES;
				CLANG_WARN_INFINITE_RECURSION = YES;
				CLANG_WARN_INT_CONVERSION = YES;
				CLANG_WARN_NON_LITERAL_NULL_CONVERSION = YES;
				CLANG_WARN_OBJC_IMPLICIT_RETAIN_SELF = YES;
				CLANG_WARN_OBJC_LITERAL_CONVERSION = YES;
				CLANG_WARN_OBJC_ROOT_CLASS = YES_ERROR;
				CLANG_WARN_QUOTED_INCLUDE_IN_FRAMEWORK_HEADER = YES;
				CLANG_WARN_RANGE_LOOP_ANALYSIS = YES;
				CLANG_WARN_STRICT_PROTOTYPES = YES;
				CLANG_WARN_SUSPICIOUS_MOVE = YES;
				CLANG_WARN_UNGUARDED_AVAILABILITY = YES_AGGRESSIVE;
				CLANG_WARN_UNREACHABLE_CODE = YES;
				CLANG_WARN__DUPLICATE_METHOD_MATCH = YES;
				COPY_PHASE_STRIP = NO;
				DEBUG_INFORMATION_FORMAT = "dwarf-with-dsym";
				ENABLE_NS_ASSERTIONS = NO;
				ENABLE_STRICT_OBJC_MSGSEND = YES;
				GCC_C_LANGUAGE_STANDARD = gnu11;
				GCC_NO_COMMON_BLOCKS = YES;
				GCC_WARN_64_TO_32_BIT_CONVERSION = YES;
				GCC_WARN_ABOUT_RETURN_TYPE = YES_ERROR;
				GCC_WARN_UNDECLARED_SELECTOR = YES;
				GCC_WARN_UNINITIALIZED_AUTOS = YES_AGGRESSIVE;
				GCC_WARN_UNUSED_FUNCTION = YES;
				GCC_WARN_UNUSED_VARIABLE = YES;
				MTL_ENABLE_DEBUG_INFO = NO;
				MTL_FAST_MATH = YES;
				SWIFT_COMPILATION_MODE = wholemodule;
				SWIFT_OPTIMIZATION_LEVEL = "-O";
			};
			name = Release;
		};
		95B4EBF12A45310D00328C23 /* Debug */ = {
			isa = XCBuildConfiguration;
			buildSettings = {
				ASSETCATALOG_COMPILER_APPICON_NAME = AppIcon;
				ASSETCATALOG_COMPILER_GLOBAL_ACCENT_COLOR_NAME = AccentColor;
				ASSETCATALOG_COMPILER_INCLUDE_ALL_APPICON_ASSETS = YES;
				CODE_SIGN_ENTITLEMENTS = ReadyPlayWork/ReadyPlayWork.entitlements;
				CODE_SIGN_IDENTITY = "Apple Development";
				"CODE_SIGN_IDENTITY[sdk=iphoneos*]" = "iPhone Developer";
				CODE_SIGN_STYLE = Manual;
				CURRENT_PROJECT_VERSION = 1;
				DEVELOPMENT_ASSET_PATHS = "\"ReadyPlayWork/Preview Content\"";
				DEVELOPMENT_TEAM = "";
				"DEVELOPMENT_TEAM[sdk=iphoneos*]" = ZP2DUBL9ML;
				ENABLE_HARDENED_RUNTIME = YES;
				"ENABLE_HARDENED_RUNTIME[sdk=macosx*]" = YES;
				ENABLE_PREVIEWS = YES;
				GENERATE_INFOPLIST_FILE = YES;
				INFOPLIST_FILE = ReadyPlayWork/Info.plist;
				INFOPLIST_KEY_NSPhotoLibraryUsageDescription = "ReadyPlayWork가 사진에 접근하려 합니다.";
				"INFOPLIST_KEY_UIApplicationSceneManifest_Generation[sdk=iphoneos*]" = YES;
				"INFOPLIST_KEY_UIApplicationSceneManifest_Generation[sdk=iphonesimulator*]" = YES;
				"INFOPLIST_KEY_UIApplicationSupportsIndirectInputEvents[sdk=iphoneos*]" = YES;
				"INFOPLIST_KEY_UIApplicationSupportsIndirectInputEvents[sdk=iphonesimulator*]" = YES;
				"INFOPLIST_KEY_UILaunchScreen_Generation[sdk=iphoneos*]" = YES;
				"INFOPLIST_KEY_UILaunchScreen_Generation[sdk=iphonesimulator*]" = YES;
				"INFOPLIST_KEY_UIStatusBarStyle[sdk=iphoneos*]" = UIStatusBarStyleDefault;
				"INFOPLIST_KEY_UIStatusBarStyle[sdk=iphonesimulator*]" = UIStatusBarStyleDefault;
				INFOPLIST_KEY_UISupportedInterfaceOrientations_iPad = "UIInterfaceOrientationPortrait UIInterfaceOrientationPortraitUpsideDown UIInterfaceOrientationLandscapeLeft UIInterfaceOrientationLandscapeRight";
				INFOPLIST_KEY_UISupportedInterfaceOrientations_iPhone = "UIInterfaceOrientationPortrait UIInterfaceOrientationLandscapeLeft UIInterfaceOrientationLandscapeRight";
				IPHONEOS_DEPLOYMENT_TARGET = 16.0;
				LD_RUNPATH_SEARCH_PATHS = "@executable_path/Frameworks";
				"LD_RUNPATH_SEARCH_PATHS[sdk=macosx*]" = "@executable_path/../Frameworks";
				MACOSX_DEPLOYMENT_TARGET = 13.0;
				MARKETING_VERSION = 1.0;
				PRODUCT_BUNDLE_IDENTIFIER = com.hyuny.readyplaywork;
				PRODUCT_NAME = "$(TARGET_NAME)";
				PROVISIONING_PROFILE_SPECIFIER = "";
				"PROVISIONING_PROFILE_SPECIFIER[sdk=iphoneos*]" = ReadPlayWork;
				SDKROOT = auto;
				SUPPORTED_PLATFORMS = "iphoneos iphonesimulator macosx xros xrsimulator";
				SUPPORTS_MACCATALYST = NO;
				SUPPORTS_MAC_DESIGNED_FOR_IPHONE_IPAD = NO;
				SUPPORTS_XR_DESIGNED_FOR_IPHONE_IPAD = NO;
				SWIFT_EMIT_LOC_STRINGS = YES;
				SWIFT_VERSION = 5.0;
				TARGETED_DEVICE_FAMILY = "1,2,7";
			};
			name = Debug;
		};
		95B4EBF22A45310D00328C23 /* Release */ = {
			isa = XCBuildConfiguration;
			buildSettings = {
				ASSETCATALOG_COMPILER_APPICON_NAME = AppIcon;
				ASSETCATALOG_COMPILER_GLOBAL_ACCENT_COLOR_NAME = AccentColor;
				ASSETCATALOG_COMPILER_INCLUDE_ALL_APPICON_ASSETS = YES;
				CODE_SIGN_ENTITLEMENTS = ReadyPlayWork/ReadyPlayWork.entitlements;
				CODE_SIGN_IDENTITY = "Apple Development";
				"CODE_SIGN_IDENTITY[sdk=iphoneos*]" = "iPhone Developer";
				CODE_SIGN_STYLE = Manual;
				CURRENT_PROJECT_VERSION = 1;
				DEVELOPMENT_ASSET_PATHS = "\"ReadyPlayWork/Preview Content\"";
				DEVELOPMENT_TEAM = "";
				"DEVELOPMENT_TEAM[sdk=iphoneos*]" = ZP2DUBL9ML;
				ENABLE_HARDENED_RUNTIME = YES;
				"ENABLE_HARDENED_RUNTIME[sdk=macosx*]" = YES;
				ENABLE_PREVIEWS = YES;
				GENERATE_INFOPLIST_FILE = YES;
				INFOPLIST_FILE = ReadyPlayWork/Info.plist;
				INFOPLIST_KEY_NSPhotoLibraryUsageDescription = "ReadyPlayWork가 사진에 접근하려 합니다.";
				"INFOPLIST_KEY_UIApplicationSceneManifest_Generation[sdk=iphoneos*]" = YES;
				"INFOPLIST_KEY_UIApplicationSceneManifest_Generation[sdk=iphonesimulator*]" = YES;
				"INFOPLIST_KEY_UIApplicationSupportsIndirectInputEvents[sdk=iphoneos*]" = YES;
				"INFOPLIST_KEY_UIApplicationSupportsIndirectInputEvents[sdk=iphonesimulator*]" = YES;
				"INFOPLIST_KEY_UILaunchScreen_Generation[sdk=iphoneos*]" = YES;
				"INFOPLIST_KEY_UILaunchScreen_Generation[sdk=iphonesimulator*]" = YES;
				"INFOPLIST_KEY_UIStatusBarStyle[sdk=iphoneos*]" = UIStatusBarStyleDefault;
				"INFOPLIST_KEY_UIStatusBarStyle[sdk=iphonesimulator*]" = UIStatusBarStyleDefault;
				INFOPLIST_KEY_UISupportedInterfaceOrientations_iPad = "UIInterfaceOrientationPortrait UIInterfaceOrientationPortraitUpsideDown UIInterfaceOrientationLandscapeLeft UIInterfaceOrientationLandscapeRight";
				INFOPLIST_KEY_UISupportedInterfaceOrientations_iPhone = "UIInterfaceOrientationPortrait UIInterfaceOrientationLandscapeLeft UIInterfaceOrientationLandscapeRight";
				IPHONEOS_DEPLOYMENT_TARGET = 16.0;
				LD_RUNPATH_SEARCH_PATHS = "@executable_path/Frameworks";
				"LD_RUNPATH_SEARCH_PATHS[sdk=macosx*]" = "@executable_path/../Frameworks";
				MACOSX_DEPLOYMENT_TARGET = 13.0;
				MARKETING_VERSION = 1.0;
				PRODUCT_BUNDLE_IDENTIFIER = com.hyuny.readyplaywork;
				PRODUCT_NAME = "$(TARGET_NAME)";
				PROVISIONING_PROFILE_SPECIFIER = "";
				"PROVISIONING_PROFILE_SPECIFIER[sdk=iphoneos*]" = ReadPlayWork;
				SDKROOT = auto;
				SUPPORTED_PLATFORMS = "iphoneos iphonesimulator macosx xros xrsimulator";
				SUPPORTS_MACCATALYST = NO;
				SUPPORTS_MAC_DESIGNED_FOR_IPHONE_IPAD = NO;
				SUPPORTS_XR_DESIGNED_FOR_IPHONE_IPAD = NO;
				SWIFT_EMIT_LOC_STRINGS = YES;
				SWIFT_VERSION = 5.0;
				TARGETED_DEVICE_FAMILY = "1,2,7";
			};
			name = Release;
		};
		95B4EBF42A45310D00328C23 /* Debug */ = {
			isa = XCBuildConfiguration;
			buildSettings = {
				ALWAYS_EMBED_SWIFT_STANDARD_LIBRARIES = YES;
				BUNDLE_LOADER = "$(TEST_HOST)";
				CODE_SIGN_STYLE = Automatic;
				CURRENT_PROJECT_VERSION = 1;
				DEVELOPMENT_TEAM = DK6C45N47N;
				GENERATE_INFOPLIST_FILE = YES;
				IPHONEOS_DEPLOYMENT_TARGET = 16.4;
				MACOSX_DEPLOYMENT_TARGET = 13.3;
				MARKETING_VERSION = 1.0;
				PRODUCT_BUNDLE_IDENTIFIER = com.hyun.readyplaywork.ReadyPlayWorkTests;
				PRODUCT_NAME = "$(TARGET_NAME)";
				SDKROOT = auto;
				SUPPORTED_PLATFORMS = "iphoneos iphonesimulator macosx";
				SWIFT_EMIT_LOC_STRINGS = NO;
				SWIFT_VERSION = 5.0;
				TARGETED_DEVICE_FAMILY = "1,2";
				TEST_HOST = "$(BUILT_PRODUCTS_DIR)/ReadyPlayWork.app/$(BUNDLE_EXECUTABLE_FOLDER_PATH)/ReadyPlayWork";
			};
			name = Debug;
		};
		95B4EBF52A45310D00328C23 /* Release */ = {
			isa = XCBuildConfiguration;
			buildSettings = {
				ALWAYS_EMBED_SWIFT_STANDARD_LIBRARIES = YES;
				BUNDLE_LOADER = "$(TEST_HOST)";
				CODE_SIGN_STYLE = Automatic;
				CURRENT_PROJECT_VERSION = 1;
				DEVELOPMENT_TEAM = DK6C45N47N;
				GENERATE_INFOPLIST_FILE = YES;
				IPHONEOS_DEPLOYMENT_TARGET = 16.4;
				MACOSX_DEPLOYMENT_TARGET = 13.3;
				MARKETING_VERSION = 1.0;
				PRODUCT_BUNDLE_IDENTIFIER = com.hyun.readyplaywork.ReadyPlayWorkTests;
				PRODUCT_NAME = "$(TARGET_NAME)";
				SDKROOT = auto;
				SUPPORTED_PLATFORMS = "iphoneos iphonesimulator macosx";
				SWIFT_EMIT_LOC_STRINGS = NO;
				SWIFT_VERSION = 5.0;
				TARGETED_DEVICE_FAMILY = "1,2";
				TEST_HOST = "$(BUILT_PRODUCTS_DIR)/ReadyPlayWork.app/$(BUNDLE_EXECUTABLE_FOLDER_PATH)/ReadyPlayWork";
			};
			name = Release;
		};
		95B4EBF72A45310D00328C23 /* Debug */ = {
			isa = XCBuildConfiguration;
			buildSettings = {
				ALWAYS_EMBED_SWIFT_STANDARD_LIBRARIES = YES;
				CODE_SIGN_STYLE = Automatic;
				CURRENT_PROJECT_VERSION = 1;
				DEVELOPMENT_TEAM = DK6C45N47N;
				GENERATE_INFOPLIST_FILE = YES;
				IPHONEOS_DEPLOYMENT_TARGET = 16.4;
				MACOSX_DEPLOYMENT_TARGET = 13.3;
				MARKETING_VERSION = 1.0;
				PRODUCT_BUNDLE_IDENTIFIER = com.hyun.readyplaywork.ReadyPlayWorkUITests;
				PRODUCT_NAME = "$(TARGET_NAME)";
				SDKROOT = auto;
				SUPPORTED_PLATFORMS = "iphoneos iphonesimulator macosx";
				SWIFT_EMIT_LOC_STRINGS = NO;
				SWIFT_VERSION = 5.0;
				TARGETED_DEVICE_FAMILY = "1,2";
				TEST_TARGET_NAME = ReadyPlayWork;
			};
			name = Debug;
		};
		95B4EBF82A45310D00328C23 /* Release */ = {
			isa = XCBuildConfiguration;
			buildSettings = {
				ALWAYS_EMBED_SWIFT_STANDARD_LIBRARIES = YES;
				CODE_SIGN_STYLE = Automatic;
				CURRENT_PROJECT_VERSION = 1;
				DEVELOPMENT_TEAM = DK6C45N47N;
				GENERATE_INFOPLIST_FILE = YES;
				IPHONEOS_DEPLOYMENT_TARGET = 16.4;
				MACOSX_DEPLOYMENT_TARGET = 13.3;
				MARKETING_VERSION = 1.0;
				PRODUCT_BUNDLE_IDENTIFIER = com.hyun.readyplaywork.ReadyPlayWorkUITests;
				PRODUCT_NAME = "$(TARGET_NAME)";
				SDKROOT = auto;
				SUPPORTED_PLATFORMS = "iphoneos iphonesimulator macosx";
				SWIFT_EMIT_LOC_STRINGS = NO;
				SWIFT_VERSION = 5.0;
				TARGETED_DEVICE_FAMILY = "1,2";
				TEST_TARGET_NAME = ReadyPlayWork;
			};
			name = Release;
		};
/* End XCBuildConfiguration section */

/* Begin XCConfigurationList section */
		95B4EBC62A45310C00328C23 /* Build configuration list for PBXProject "ReadyPlayWork" */ = {
			isa = XCConfigurationList;
			buildConfigurations = (
				95B4EBEE2A45310D00328C23 /* Debug */,
				95B4EBEF2A45310D00328C23 /* Release */,
			);
			defaultConfigurationIsVisible = 0;
			defaultConfigurationName = Release;
		};
		95B4EBF02A45310D00328C23 /* Build configuration list for PBXNativeTarget "ReadyPlayWork" */ = {
			isa = XCConfigurationList;
			buildConfigurations = (
				95B4EBF12A45310D00328C23 /* Debug */,
				95B4EBF22A45310D00328C23 /* Release */,
			);
			defaultConfigurationIsVisible = 0;
			defaultConfigurationName = Release;
		};
		95B4EBF32A45310D00328C23 /* Build configuration list for PBXNativeTarget "ReadyPlayWorkTests" */ = {
			isa = XCConfigurationList;
			buildConfigurations = (
				95B4EBF42A45310D00328C23 /* Debug */,
				95B4EBF52A45310D00328C23 /* Release */,
			);
			defaultConfigurationIsVisible = 0;
			defaultConfigurationName = Release;
		};
		95B4EBF62A45310D00328C23 /* Build configuration list for PBXNativeTarget "ReadyPlayWorkUITests" */ = {
			isa = XCConfigurationList;
			buildConfigurations = (
				95B4EBF72A45310D00328C23 /* Debug */,
				95B4EBF82A45310D00328C23 /* Release */,
			);
			defaultConfigurationIsVisible = 0;
			defaultConfigurationName = Release;
		};
/* End XCConfigurationList section */

/* Begin XCRemoteSwiftPackageReference section */
		95BA210A2A4D5A46008F522C /* XCRemoteSwiftPackageReference "Charts" */ = {
			isa = XCRemoteSwiftPackageReference;
			repositoryURL = "https://github.com/danielgindi/Charts.git";
			requirement = {
				kind = upToNextMajorVersion;
				minimumVersion = 5.0.0;
			};
		};
/* End XCRemoteSwiftPackageReference section */

/* Begin XCSwiftPackageProductDependency section */
		95BA21112A4D5FDE008F522C /* DGCharts */ = {
			isa = XCSwiftPackageProductDependency;
			package = 95BA210A2A4D5A46008F522C /* XCRemoteSwiftPackageReference "Charts" */;
			productName = DGCharts;
		};
/* End XCSwiftPackageProductDependency section */
	};
	rootObject = 95B4EBC32A45310C00328C23 /* Project object */;
}
